Microsoft Visual Studio Solution File, Format Version 12.00
# Visual Studio Version 17
VisualStudioVersion = 17.2.32422.2
MinimumVisualStudioVersion = 10.0.40219.1
Project("{2150E333-8FDC-42A3-9474-1A3956D46DE8}") = "Terminal", "Terminal", "{59840756-302F-44DF-AA47-441A9D673202}"
EndProject
Project("{2150E333-8FDC-42A3-9474-1A3956D46DE8}") = "_Dependencies", "_Dependencies", "{81C352DB-1818-45B7-A284-18E259F1CC87}"
EndProject
Project("{2150E333-8FDC-42A3-9474-1A3956D46DE8}") = "wil", "wil", "{4C8E6BB0-4713-4ADB-BD04-81628ECEAF20}"
	ProjectSection(SolutionItems) = preProject
		dep\wil\include\wil\common.h = dep\wil\include\wil\common.h
		dep\wil\include\wil\filesystem.h = dep\wil\include\wil\filesystem.h
		dep\wil\include\wil\functional.h = dep\wil\include\wil\functional.h
		dep\wil\include\wil\registry.h = dep\wil\include\wil\registry.h
		dep\wil\include\wil\resource.h = dep\wil\include\wil\resource.h
		dep\wil\include\wil\result.h = dep\wil\include\wil\result.h
		dep\wil\include\wil\resultmacros.h = dep\wil\include\wil\resultmacros.h
		dep\wil\include\wil\stl.h = dep\wil\include\wil\stl.h
		dep\wil\include\wil\win32helpers.h = dep\wil\include\wil\win32helpers.h
		dep\wil\include\wil\wistd_functional.h = dep\wil\include\wil\wistd_functional.h
		dep\wil\include\wil\wistd_memory.h = dep\wil\include\wil\wistd_memory.h
		dep\wil\include\wil\wistd_type_traits.h = dep\wil\include\wil\wistd_type_traits.h
	EndProjectSection
EndProject
Project("{2150E333-8FDC-42A3-9474-1A3956D46DE8}") = "Console", "Console", "{D57841D1-8294-4F2B-BB8B-D2A35738DECD}"
	ProjectSection(SolutionItems) = preProject
		dep\Console\winconp.h = dep\Console\winconp.h
	EndProjectSection
EndProject
Project("{8BC9CEB8-8B4A-11D0-8D11-00A0C91BC942}") = "TextServicesFramework", "src\tsf\tsf.vcxproj", "{2FD12FBB-1DDB-46D8-B818-1023C624CACA}"
EndProject
Project("{8BC9CEB8-8B4A-11D0-8D11-00A0C91BC942}") = "TerminalParser", "src\terminal\parser\lib\parser.vcxproj", "{3AE13314-1939-4DFA-9C14-38CA0834050C}"
	ProjectSection(ProjectDependencies) = postProject
		{18D09A24-8240-42D6-8CB6-236EEE820263} = {18D09A24-8240-42D6-8CB6-236EEE820263}
	EndProjectSection
EndProject
Project("{8BC9CEB8-8B4A-11D0-8D11-00A0C91BC942}") = "TerminalAdapter", "src\terminal\adapter\lib\adapter.vcxproj", "{DCF55140-EF6A-4736-A403-957E4F7430BB}"
	ProjectSection(ProjectDependencies) = postProject
		{18D09A24-8240-42D6-8CB6-236EEE820263} = {18D09A24-8240-42D6-8CB6-236EEE820263}
	EndProjectSection
EndProject
Project("{8BC9CEB8-8B4A-11D0-8D11-00A0C91BC942}") = "TerminalInput", "src\terminal\input\lib\terminalinput.vcxproj", "{1CF55140-EF6A-4736-A403-957E4F7430BB}"
	ProjectSection(ProjectDependencies) = postProject
		{18D09A24-8240-42D6-8CB6-236EEE820263} = {18D09A24-8240-42D6-8CB6-236EEE820263}
	EndProjectSection
EndProject
Project("{8BC9CEB8-8B4A-11D0-8D11-00A0C91BC942}") = "RendererBase", "src\renderer\base\lib\base.vcxproj", "{AF0A096A-8B3A-4949-81EF-7DF8F0FEE91F}"
EndProject
Project("{8BC9CEB8-8B4A-11D0-8D11-00A0C91BC942}") = "RendererGdi", "src\renderer\gdi\lib\gdi.vcxproj", "{1C959542-BAC2-4E55-9A6D-13251914CBB9}"
EndProject
Project("{8BC9CEB8-8B4A-11D0-8D11-00A0C91BC942}") = "TextBuffer.Unit.Tests", "src\buffer\out\ut_textbuffer\TextBuffer.Unit.Tests.vcxproj", "{531C23E7-4B76-4C08-8BBD-04164CB628C9}"
	ProjectSection(ProjectDependencies) = postProject
		{0CF235BD-2DA0-407E-90EE-C467E8BBC714} = {0CF235BD-2DA0-407E-90EE-C467E8BBC714}
	EndProjectSection
EndProject
Project("{8BC9CEB8-8B4A-11D0-8D11-00A0C91BC942}") = "TerminalParser.UnitTests", "src\terminal\parser\ut_parser\Parser.UnitTests.vcxproj", "{12144E07-FE63-4D33-9231-748B8D8C3792}"
EndProject
Project("{8BC9CEB8-8B4A-11D0-8D11-00A0C91BC942}") = "TerminalAdapter.UnitTests", "src\terminal\adapter\ut_adapter\Adapter.UnitTests.vcxproj", "{6AF01638-84CF-4B65-9870-484DFFCAC772}"
EndProject
Project("{8BC9CEB8-8B4A-11D0-8D11-00A0C91BC942}") = "TerminalParser.Fuzzer", "src\terminal\parser\ft_fuzzer\VTCommandFuzzer.vcxproj", "{96927B31-D6E8-4ABD-B03E-A5088A30BEBE}"
EndProject
Project("{8BC9CEB8-8B4A-11D0-8D11-00A0C91BC942}") = "TerminalParser.FuzzWrapper", "src\terminal\parser\ft_fuzzwrapper\FuzzWrapper.vcxproj", "{F210A4AE-E02A-4BFC-80BB-F50A672FE763}"
EndProject
Project("{2150E333-8FDC-42A3-9474-1A3956D46DE8}") = "_Build Common", "_Build Common", "{04170EEF-983A-4195-BFEF-2321E5E38A1E}"
EndProject
Project("{8BC9CEB8-8B4A-11D0-8D11-00A0C91BC942}") = "Types", "src\types\lib\types.vcxproj", "{18D09A24-8240-42D6-8CB6-236EEE820263}"
EndProject
Project("{8BC9CEB8-8B4A-11D0-8D11-00A0C91BC942}") = "BufferOut", "src\buffer\out\lib\bufferout.vcxproj", "{0CF235BD-2DA0-407E-90EE-C467E8BBC714}"
EndProject
Project("{8BC9CEB8-8B4A-11D0-8D11-00A0C91BC942}") = "TerminalCore", "src\cascadia\TerminalCore\lib\TerminalCore-lib.vcxproj", "{CA5CAD1A-ABCD-429C-B551-8562EC954746}"
EndProject
Project("{8BC9CEB8-8B4A-11D0-8D11-00A0C91BC942}") = "Microsoft.Terminal.Control.Lib", "src\cascadia\TerminalControl\TerminalControlLib.vcxproj", "{CA5CAD1A-44BD-4AC7-AC72-6CA5B3AB89ED}"
	ProjectSection(ProjectDependencies) = postProject
		{1CF55140-EF6A-4736-A403-957E4F7430BB} = {1CF55140-EF6A-4736-A403-957E4F7430BB}
		{2FD12FBB-1DDB-46D8-B818-1023C624CACA} = {2FD12FBB-1DDB-46D8-B818-1023C624CACA}
		{48D21369-3D7B-4431-9967-24E81292CF63} = {48D21369-3D7B-4431-9967-24E81292CF63}
		{8222900C-8B6C-452A-91AC-BE95DB04B95F} = {8222900C-8B6C-452A-91AC-BE95DB04B95F}
		{AF0A096A-8B3A-4949-81EF-7DF8F0FEE91F} = {AF0A096A-8B3A-4949-81EF-7DF8F0FEE91F}
		{CA5CAD1A-ABCD-429C-B551-8562EC954746} = {CA5CAD1A-ABCD-429C-B551-8562EC954746}
	EndProjectSection
EndProject
Project("{8BC9CEB8-8B4A-11D0-8D11-00A0C91BC942}") = "Microsoft.Terminal.Control", "src\cascadia\TerminalControl\dll\TerminalControl.vcxproj", "{CA5CAD1A-F542-4635-A069-7CAEFB930070}"
	ProjectSection(ProjectDependencies) = postProject
		{CA5CAD1A-44BD-4AC7-AC72-6CA5B3AB89ED} = {CA5CAD1A-44BD-4AC7-AC72-6CA5B3AB89ED}
	EndProjectSection
EndProject
Project("{8BC9CEB8-8B4A-11D0-8D11-00A0C91BC942}") = "UnitTests_TerminalCore", "src\cascadia\UnitTests_TerminalCore\UnitTests.vcxproj", "{2C2BEEF4-9333-4D05-B12A-1905CBF112F9}"
EndProject
Project("{2150E333-8FDC-42A3-9474-1A3956D46DE8}") = "gsl", "gsl", "{16376381-CE22-42BE-B667-C6B35007008D}"
	ProjectSection(SolutionItems) = preProject
		dep\gsl\include\gsl\gsl = dep\gsl\include\gsl\gsl
		dep\gsl\include\gsl\gsl_algorithm = dep\gsl\include\gsl\gsl_algorithm
		dep\gsl\include\gsl\gsl_assert = dep\gsl\include\gsl\gsl_assert
		dep\gsl\include\gsl\gsl_byte = dep\gsl\include\gsl\gsl_byte
		dep\gsl\include\gsl\gsl_util = dep\gsl\include\gsl\gsl_util
		dep\gsl\include\gsl\multi_span = dep\gsl\include\gsl\multi_span
		dep\gsl\include\gsl\pointers = dep\gsl\include\gsl\pointers
		dep\gsl\include\gsl\span = dep\gsl\include\gsl\span
		dep\gsl\include\gsl\string_span = dep\gsl\include\gsl\string_span
	EndProjectSection
EndProject
Project("{2150E333-8FDC-42A3-9474-1A3956D46DE8}") = "Virtual Terminal", "Virtual Terminal", "{F1995847-4AE5-479A-BBAF-382E51A63532}"
EndProject
Project("{2150E333-8FDC-42A3-9474-1A3956D46DE8}") = "Rendering", "Rendering", "{05500DEF-2294-41E3-AF9A-24E580B82836}"
EndProject
Project("{2150E333-8FDC-42A3-9474-1A3956D46DE8}") = "Buffer", "Buffer", "{1E4A062E-293B-4817-B20D-BF16B979E350}"
EndProject
Project("{2150E333-8FDC-42A3-9474-1A3956D46DE8}") = "Shared", "Shared", "{89CDCC5C-9F53-4054-97A4-639D99F169CD}"
EndProject
Project("{8BC9CEB8-8B4A-11D0-8D11-00A0C91BC942}") = "Types.Unit.Tests", "src\types\ut_types\Types.Unit.Tests.vcxproj", "{34DE34D3-1CD6-4EE3-8BD9-A26B5B27EC73}"
EndProject
Project("{9A19103F-16F7-4668-BE54-9A1E7A4F7556}") = "WpfTerminalControl", "src\cascadia\WpfTerminalControl\WpfTerminalControl.csproj", "{376FE273-6B84-4EB5-8B30-8DE9D21B022C}"
EndProject
Project("{8BC9CEB8-8B4A-11D0-8D11-00A0C91BC942}") = "RendererUia", "src\renderer\uia\lib\uia.vcxproj", "{48D21369-3D7B-4431-9967-24E81292CF63}"
EndProject
Project("{8BC9CEB8-8B4A-11D0-8D11-00A0C91BC942}") = "WinRTUtils", "src\cascadia\WinRTUtils\WinRTUtils.vcxproj", "{CA5CAD1A-039A-4929-BA2A-8BEB2E4106FE}"
EndProject
Project("{2150E333-8FDC-42A3-9474-1A3956D46DE8}") = "Tests", "Tests", "{BDB237B6-1D1D-400F-84CC-40A58FA59C8E}"
EndProject
Project("{8BC9CEB8-8B4A-11D0-8D11-00A0C91BC942}") = "til.unit.tests", "src\til\ut_til\til.unit.tests.vcxproj", "{767268EE-174A-46FE-96F0-EEE698A1BBC9}"
EndProject
Project("{2150E333-8FDC-42A3-9474-1A3956D46DE8}") = "Common Props", "Common Props", "{53DD5520-E64C-4C06-B472-7CE62CA539C9}"
	ProjectSection(SolutionItems) = preProject
		src\common.build.post.props = src\common.build.post.props
		src\common.build.pre.props = src\common.build.pre.props
		src\common.build.tests.props = src\common.build.tests.props
		src\common.nugetversions.props = src\common.nugetversions.props
		src\common.nugetversions.targets = src\common.nugetversions.targets
		common.openconsole.props = common.openconsole.props
		src\cppwinrt.build.post.props = src\cppwinrt.build.post.props
		src\cppwinrt.build.pre.props = src\cppwinrt.build.pre.props
		dep\nuget\packages.config = dep\nuget\packages.config
		src\wap-common.build.post.props = src\wap-common.build.post.props
		src\wap-common.build.pre.props = src\wap-common.build.pre.props
	EndProjectSection
EndProject
Project("{2150E333-8FDC-42A3-9474-1A3956D46DE8}") = "YAML", "YAML", "{6B5A44ED-918D-4747-BFB1-2472A1FCA173}"
	ProjectSection(SolutionItems) = preProject
		build\pipelines\templates\build-console-audit-job.yml = build\pipelines\templates\build-console-audit-job.yml
		build\pipelines\templates\build-console-ci.yml = build\pipelines\templates\build-console-ci.yml
		build\pipelines\templates\build-console-int.yml = build\pipelines\templates\build-console-int.yml
		build\pipelines\templates\build-console-steps.yml = build\pipelines\templates\build-console-steps.yml
		build\pipelines\templates\check-formatting.yml = build\pipelines\templates\check-formatting.yml
		build\pipelines\ci.yml = build\pipelines\ci.yml
		build\pipelines\templates\release-sign-and-bundle.yml = build\pipelines\templates\release-sign-and-bundle.yml
		build\pipelines\release.yml = build\pipelines\release.yml
	EndProjectSection
EndProject
Project("{2150E333-8FDC-42A3-9474-1A3956D46DE8}") = "Scripts", "Scripts", "{D3EF7B96-CD5E-47C9-B9A9-136259563033}"
	ProjectSection(SolutionItems) = preProject
		build\scripts\Create-AppxBundle.ps1 = build\scripts\Create-AppxBundle.ps1
		build\scripts\Index-Pdbs.ps1 = build\scripts\Index-Pdbs.ps1
		build\scripts\Invoke-FormattingCheck.ps1 = build\scripts\Invoke-FormattingCheck.ps1
		build\scripts\Run-Tests.ps1 = build\scripts\Run-Tests.ps1
		build\scripts\Test-WindowsTerminalPackage.ps1 = build\scripts\Test-WindowsTerminalPackage.ps1
	EndProjectSection
EndProject
Project("{2150E333-8FDC-42A3-9474-1A3956D46DE8}") = "wpf", "wpf", "{4DAF0299-495E-4CD1-A982-9BAC16A45932}"
EndProject
Project("{2150E333-8FDC-42A3-9474-1A3956D46DE8}") = "Control", "Control", "{9921CA0A-320C-4460-8623-3A3196E7F4CB}"
EndProject
Project("{8BC9CEB8-8B4A-11D0-8D11-00A0C91BC942}") = "UnitTests_Control", "src\cascadia\UnitTests_Control\Control.UnitTests.vcxproj", "{C323DAEE-B307-4C7B-ACE5-7293CBEFCB5B}"
	ProjectSection(ProjectDependencies) = postProject
		{CA5CAD1A-44BD-4AC7-AC72-6CA5B3AB89ED} = {CA5CAD1A-44BD-4AC7-AC72-6CA5B3AB89ED}
	EndProjectSection
EndProject
Project("{2150E333-8FDC-42A3-9474-1A3956D46DE8}") = "Utils", "Utils", "{61901E80-E97D-4D61-A9BB-E8F2FDA8B40C}"
EndProject
Project("{8BC9CEB8-8B4A-11D0-8D11-00A0C91BC942}") = "RendererAtlas", "src\renderer\atlas\atlas.vcxproj", "{8222900C-8B6C-452A-91AC-BE95DB04B95F}"
EndProject
Project("{8BC9CEB8-8B4A-11D0-8D11-00A0C91BC942}") = "RendererWddmCon", "src\renderer\wddmcon\lib\wddmcon.vcxproj", "{75C6F576-18E9-4566-978A-F0A301CAC090}"
EndProject
Project("{2150E333-8FDC-42A3-9474-1A3956D46DE8}") = "Audio", "Audio", "{40BD8415-DD93-4200-8D82-498DDDC08CC8}"
EndProject
Project("{8BC9CEB8-8B4A-11D0-8D11-00A0C91BC942}") = "MidiAudio", "src\audio\midi\lib\midi.vcxproj", "{3C67784E-1453-49C2-9660-483E2CC7F7AD}"
EndProject
Global
	GlobalSection(SolutionConfigurationPlatforms) = preSolution
		AuditMode|Any CPU = AuditMode|Any CPU
		AuditMode|ARM64 = AuditMode|ARM64
		AuditMode|x64 = AuditMode|x64
		AuditMode|x86 = AuditMode|x86
		Debug|Any CPU = Debug|Any CPU
		Debug|ARM64 = Debug|ARM64
		Debug|x64 = Debug|x64
		Debug|x86 = Debug|x86
		Fuzzing|Any CPU = Fuzzing|Any CPU
		Fuzzing|ARM64 = Fuzzing|ARM64
		Fuzzing|x64 = Fuzzing|x64
		Fuzzing|x86 = Fuzzing|x86
		Release|Any CPU = Release|Any CPU
		Release|ARM64 = Release|ARM64
		Release|x64 = Release|x64
		Release|x86 = Release|x86
	EndGlobalSection
	GlobalSection(ProjectConfigurationPlatforms) = postSolution
		{2FD12FBB-1DDB-46D8-B818-1023C624CACA}.AuditMode|Any CPU.ActiveCfg = AuditMode|Win32
		{2FD12FBB-1DDB-46D8-B818-1023C624CACA}.AuditMode|ARM64.ActiveCfg = Release|ARM64
		{2FD12FBB-1DDB-46D8-B818-1023C624CACA}.AuditMode|x64.ActiveCfg = Release|x64
		{2FD12FBB-1DDB-46D8-B818-1023C624CACA}.AuditMode|x86.ActiveCfg = Release|Win32
		{2FD12FBB-1DDB-46D8-B818-1023C624CACA}.Debug|Any CPU.ActiveCfg = Debug|Win32
		{2FD12FBB-1DDB-46D8-B818-1023C624CACA}.Debug|ARM64.ActiveCfg = Debug|ARM64
		{2FD12FBB-1DDB-46D8-B818-1023C624CACA}.Debug|ARM64.Build.0 = Debug|ARM64
		{2FD12FBB-1DDB-46D8-B818-1023C624CACA}.Debug|x64.ActiveCfg = Debug|x64
		{2FD12FBB-1DDB-46D8-B818-1023C624CACA}.Debug|x64.Build.0 = Debug|x64
		{2FD12FBB-1DDB-46D8-B818-1023C624CACA}.Debug|x86.ActiveCfg = Debug|Win32
		{2FD12FBB-1DDB-46D8-B818-1023C624CACA}.Debug|x86.Build.0 = Debug|Win32
		{2FD12FBB-1DDB-46D8-B818-1023C624CACA}.Fuzzing|Any CPU.ActiveCfg = Fuzzing|Win32
		{2FD12FBB-1DDB-46D8-B818-1023C624CACA}.Fuzzing|ARM64.ActiveCfg = Fuzzing|ARM64
		{2FD12FBB-1DDB-46D8-B818-1023C624CACA}.Fuzzing|x64.ActiveCfg = Fuzzing|x64
		{2FD12FBB-1DDB-46D8-B818-1023C624CACA}.Fuzzing|x64.Build.0 = Fuzzing|x64
		{2FD12FBB-1DDB-46D8-B818-1023C624CACA}.Fuzzing|x86.ActiveCfg = Fuzzing|Win32
		{2FD12FBB-1DDB-46D8-B818-1023C624CACA}.Release|Any CPU.ActiveCfg = Release|Win32
		{2FD12FBB-1DDB-46D8-B818-1023C624CACA}.Release|ARM64.ActiveCfg = Release|ARM64
		{2FD12FBB-1DDB-46D8-B818-1023C624CACA}.Release|ARM64.Build.0 = Release|ARM64
		{2FD12FBB-1DDB-46D8-B818-1023C624CACA}.Release|x64.ActiveCfg = Release|x64
		{2FD12FBB-1DDB-46D8-B818-1023C624CACA}.Release|x64.Build.0 = Release|x64
		{2FD12FBB-1DDB-46D8-B818-1023C624CACA}.Release|x86.ActiveCfg = Release|Win32
		{2FD12FBB-1DDB-46D8-B818-1023C624CACA}.Release|x86.Build.0 = Release|Win32
		{3AE13314-1939-4DFA-9C14-38CA0834050C}.AuditMode|Any CPU.ActiveCfg = AuditMode|Win32
		{3AE13314-1939-4DFA-9C14-38CA0834050C}.AuditMode|ARM64.ActiveCfg = Release|ARM64
		{3AE13314-1939-4DFA-9C14-38CA0834050C}.AuditMode|x64.ActiveCfg = AuditMode|x64
		{3AE13314-1939-4DFA-9C14-38CA0834050C}.AuditMode|x64.Build.0 = AuditMode|x64
		{3AE13314-1939-4DFA-9C14-38CA0834050C}.AuditMode|x86.ActiveCfg = Release|Win32
		{3AE13314-1939-4DFA-9C14-38CA0834050C}.Debug|Any CPU.ActiveCfg = Debug|Win32
		{3AE13314-1939-4DFA-9C14-38CA0834050C}.Debug|ARM64.ActiveCfg = Debug|ARM64
		{3AE13314-1939-4DFA-9C14-38CA0834050C}.Debug|ARM64.Build.0 = Debug|ARM64
		{3AE13314-1939-4DFA-9C14-38CA0834050C}.Debug|x64.ActiveCfg = Debug|x64
		{3AE13314-1939-4DFA-9C14-38CA0834050C}.Debug|x64.Build.0 = Debug|x64
		{3AE13314-1939-4DFA-9C14-38CA0834050C}.Debug|x86.ActiveCfg = Debug|Win32
		{3AE13314-1939-4DFA-9C14-38CA0834050C}.Debug|x86.Build.0 = Debug|Win32
		{3AE13314-1939-4DFA-9C14-38CA0834050C}.Fuzzing|Any CPU.ActiveCfg = Fuzzing|Win32
		{3AE13314-1939-4DFA-9C14-38CA0834050C}.Fuzzing|ARM64.ActiveCfg = Fuzzing|ARM64
		{3AE13314-1939-4DFA-9C14-38CA0834050C}.Fuzzing|x64.ActiveCfg = Fuzzing|x64
		{3AE13314-1939-4DFA-9C14-38CA0834050C}.Fuzzing|x64.Build.0 = Fuzzing|x64
		{3AE13314-1939-4DFA-9C14-38CA0834050C}.Fuzzing|x86.ActiveCfg = Fuzzing|Win32
		{3AE13314-1939-4DFA-9C14-38CA0834050C}.Release|Any CPU.ActiveCfg = Release|Win32
		{3AE13314-1939-4DFA-9C14-38CA0834050C}.Release|ARM64.ActiveCfg = Release|ARM64
		{3AE13314-1939-4DFA-9C14-38CA0834050C}.Release|ARM64.Build.0 = Release|ARM64
		{3AE13314-1939-4DFA-9C14-38CA0834050C}.Release|x64.ActiveCfg = Release|x64
		{3AE13314-1939-4DFA-9C14-38CA0834050C}.Release|x64.Build.0 = Release|x64
		{3AE13314-1939-4DFA-9C14-38CA0834050C}.Release|x86.ActiveCfg = Release|Win32
		{3AE13314-1939-4DFA-9C14-38CA0834050C}.Release|x86.Build.0 = Release|Win32
		{DCF55140-EF6A-4736-A403-957E4F7430BB}.AuditMode|Any CPU.ActiveCfg = AuditMode|Win32
		{DCF55140-EF6A-4736-A403-957E4F7430BB}.AuditMode|ARM64.ActiveCfg = Release|ARM64
		{DCF55140-EF6A-4736-A403-957E4F7430BB}.AuditMode|x64.ActiveCfg = AuditMode|x64
		{DCF55140-EF6A-4736-A403-957E4F7430BB}.AuditMode|x64.Build.0 = AuditMode|x64
		{DCF55140-EF6A-4736-A403-957E4F7430BB}.AuditMode|x86.ActiveCfg = Release|Win32
		{DCF55140-EF6A-4736-A403-957E4F7430BB}.Debug|Any CPU.ActiveCfg = Debug|Win32
		{DCF55140-EF6A-4736-A403-957E4F7430BB}.Debug|ARM64.ActiveCfg = Debug|ARM64
		{DCF55140-EF6A-4736-A403-957E4F7430BB}.Debug|ARM64.Build.0 = Debug|ARM64
		{DCF55140-EF6A-4736-A403-957E4F7430BB}.Debug|x64.ActiveCfg = Debug|x64
		{DCF55140-EF6A-4736-A403-957E4F7430BB}.Debug|x64.Build.0 = Debug|x64
		{DCF55140-EF6A-4736-A403-957E4F7430BB}.Debug|x86.ActiveCfg = Debug|Win32
		{DCF55140-EF6A-4736-A403-957E4F7430BB}.Debug|x86.Build.0 = Debug|Win32
		{DCF55140-EF6A-4736-A403-957E4F7430BB}.Fuzzing|Any CPU.ActiveCfg = Fuzzing|Win32
		{DCF55140-EF6A-4736-A403-957E4F7430BB}.Fuzzing|ARM64.ActiveCfg = Fuzzing|ARM64
		{DCF55140-EF6A-4736-A403-957E4F7430BB}.Fuzzing|x64.ActiveCfg = Fuzzing|x64
		{DCF55140-EF6A-4736-A403-957E4F7430BB}.Fuzzing|x64.Build.0 = Fuzzing|x64
		{DCF55140-EF6A-4736-A403-957E4F7430BB}.Fuzzing|x86.ActiveCfg = Fuzzing|Win32
		{DCF55140-EF6A-4736-A403-957E4F7430BB}.Release|Any CPU.ActiveCfg = Release|Win32
		{DCF55140-EF6A-4736-A403-957E4F7430BB}.Release|ARM64.ActiveCfg = Release|ARM64
		{DCF55140-EF6A-4736-A403-957E4F7430BB}.Release|ARM64.Build.0 = Release|ARM64
		{DCF55140-EF6A-4736-A403-957E4F7430BB}.Release|x64.ActiveCfg = Release|x64
		{DCF55140-EF6A-4736-A403-957E4F7430BB}.Release|x64.Build.0 = Release|x64
		{DCF55140-EF6A-4736-A403-957E4F7430BB}.Release|x86.ActiveCfg = Release|Win32
		{DCF55140-EF6A-4736-A403-957E4F7430BB}.Release|x86.Build.0 = Release|Win32
		{1CF55140-EF6A-4736-A403-957E4F7430BB}.AuditMode|Any CPU.ActiveCfg = AuditMode|Win32
		{1CF55140-EF6A-4736-A403-957E4F7430BB}.AuditMode|ARM64.ActiveCfg = Release|ARM64
		{1CF55140-EF6A-4736-A403-957E4F7430BB}.AuditMode|x64.ActiveCfg = AuditMode|x64
		{1CF55140-EF6A-4736-A403-957E4F7430BB}.AuditMode|x64.Build.0 = AuditMode|x64
		{1CF55140-EF6A-4736-A403-957E4F7430BB}.AuditMode|x86.ActiveCfg = Release|Win32
		{1CF55140-EF6A-4736-A403-957E4F7430BB}.Debug|Any CPU.ActiveCfg = Debug|Win32
		{1CF55140-EF6A-4736-A403-957E4F7430BB}.Debug|ARM64.ActiveCfg = Debug|ARM64
		{1CF55140-EF6A-4736-A403-957E4F7430BB}.Debug|ARM64.Build.0 = Debug|ARM64
		{1CF55140-EF6A-4736-A403-957E4F7430BB}.Debug|x64.ActiveCfg = Debug|x64
		{1CF55140-EF6A-4736-A403-957E4F7430BB}.Debug|x64.Build.0 = Debug|x64
		{1CF55140-EF6A-4736-A403-957E4F7430BB}.Debug|x86.ActiveCfg = Debug|Win32
		{1CF55140-EF6A-4736-A403-957E4F7430BB}.Debug|x86.Build.0 = Debug|Win32
		{1CF55140-EF6A-4736-A403-957E4F7430BB}.Fuzzing|Any CPU.ActiveCfg = Fuzzing|Win32
		{1CF55140-EF6A-4736-A403-957E4F7430BB}.Fuzzing|ARM64.ActiveCfg = Fuzzing|ARM64
		{1CF55140-EF6A-4736-A403-957E4F7430BB}.Fuzzing|x64.ActiveCfg = Fuzzing|x64
		{1CF55140-EF6A-4736-A403-957E4F7430BB}.Fuzzing|x64.Build.0 = Fuzzing|x64
		{1CF55140-EF6A-4736-A403-957E4F7430BB}.Fuzzing|x86.ActiveCfg = Fuzzing|Win32
		{1CF55140-EF6A-4736-A403-957E4F7430BB}.Release|Any CPU.ActiveCfg = Release|Win32
		{1CF55140-EF6A-4736-A403-957E4F7430BB}.Release|ARM64.ActiveCfg = Release|ARM64
		{1CF55140-EF6A-4736-A403-957E4F7430BB}.Release|ARM64.Build.0 = Release|ARM64
		{1CF55140-EF6A-4736-A403-957E4F7430BB}.Release|x64.ActiveCfg = Release|x64
		{1CF55140-EF6A-4736-A403-957E4F7430BB}.Release|x64.Build.0 = Release|x64
		{1CF55140-EF6A-4736-A403-957E4F7430BB}.Release|x86.ActiveCfg = Release|Win32
		{1CF55140-EF6A-4736-A403-957E4F7430BB}.Release|x86.Build.0 = Release|Win32
		{AF0A096A-8B3A-4949-81EF-7DF8F0FEE91F}.AuditMode|Any CPU.ActiveCfg = AuditMode|Win32
		{AF0A096A-8B3A-4949-81EF-7DF8F0FEE91F}.AuditMode|ARM64.ActiveCfg = Release|ARM64
		{AF0A096A-8B3A-4949-81EF-7DF8F0FEE91F}.AuditMode|x64.ActiveCfg = Release|x64
		{AF0A096A-8B3A-4949-81EF-7DF8F0FEE91F}.AuditMode|x64.Build.0 = Release|x64
		{AF0A096A-8B3A-4949-81EF-7DF8F0FEE91F}.AuditMode|x86.ActiveCfg = Release|Win32
		{AF0A096A-8B3A-4949-81EF-7DF8F0FEE91F}.Debug|Any CPU.ActiveCfg = Debug|Win32
		{AF0A096A-8B3A-4949-81EF-7DF8F0FEE91F}.Debug|ARM64.ActiveCfg = Debug|ARM64
		{AF0A096A-8B3A-4949-81EF-7DF8F0FEE91F}.Debug|ARM64.Build.0 = Debug|ARM64
		{AF0A096A-8B3A-4949-81EF-7DF8F0FEE91F}.Debug|x64.ActiveCfg = Debug|x64
		{AF0A096A-8B3A-4949-81EF-7DF8F0FEE91F}.Debug|x64.Build.0 = Debug|x64
		{AF0A096A-8B3A-4949-81EF-7DF8F0FEE91F}.Debug|x86.ActiveCfg = Debug|Win32
		{AF0A096A-8B3A-4949-81EF-7DF8F0FEE91F}.Debug|x86.Build.0 = Debug|Win32
		{AF0A096A-8B3A-4949-81EF-7DF8F0FEE91F}.Fuzzing|Any CPU.ActiveCfg = Fuzzing|Win32
		{AF0A096A-8B3A-4949-81EF-7DF8F0FEE91F}.Fuzzing|ARM64.ActiveCfg = Fuzzing|ARM64
		{AF0A096A-8B3A-4949-81EF-7DF8F0FEE91F}.Fuzzing|x64.ActiveCfg = Fuzzing|x64
		{AF0A096A-8B3A-4949-81EF-7DF8F0FEE91F}.Fuzzing|x64.Build.0 = Fuzzing|x64
		{AF0A096A-8B3A-4949-81EF-7DF8F0FEE91F}.Fuzzing|x86.ActiveCfg = Fuzzing|Win32
		{AF0A096A-8B3A-4949-81EF-7DF8F0FEE91F}.Release|Any CPU.ActiveCfg = Release|Win32
		{AF0A096A-8B3A-4949-81EF-7DF8F0FEE91F}.Release|ARM64.ActiveCfg = Release|ARM64
		{AF0A096A-8B3A-4949-81EF-7DF8F0FEE91F}.Release|ARM64.Build.0 = Release|ARM64
		{AF0A096A-8B3A-4949-81EF-7DF8F0FEE91F}.Release|x64.ActiveCfg = Release|x64
		{AF0A096A-8B3A-4949-81EF-7DF8F0FEE91F}.Release|x64.Build.0 = Release|x64
		{AF0A096A-8B3A-4949-81EF-7DF8F0FEE91F}.Release|x86.ActiveCfg = Release|Win32
		{AF0A096A-8B3A-4949-81EF-7DF8F0FEE91F}.Release|x86.Build.0 = Release|Win32
		{1C959542-BAC2-4E55-9A6D-13251914CBB9}.AuditMode|Any CPU.ActiveCfg = AuditMode|Win32
		{1C959542-BAC2-4E55-9A6D-13251914CBB9}.AuditMode|ARM64.ActiveCfg = Release|ARM64
		{1C959542-BAC2-4E55-9A6D-13251914CBB9}.AuditMode|x64.ActiveCfg = Release|x64
		{1C959542-BAC2-4E55-9A6D-13251914CBB9}.AuditMode|x86.ActiveCfg = Release|Win32
		{1C959542-BAC2-4E55-9A6D-13251914CBB9}.Debug|Any CPU.ActiveCfg = Debug|Win32
		{1C959542-BAC2-4E55-9A6D-13251914CBB9}.Debug|ARM64.ActiveCfg = Debug|ARM64
		{1C959542-BAC2-4E55-9A6D-13251914CBB9}.Debug|ARM64.Build.0 = Debug|ARM64
		{1C959542-BAC2-4E55-9A6D-13251914CBB9}.Debug|x64.ActiveCfg = Debug|x64
		{1C959542-BAC2-4E55-9A6D-13251914CBB9}.Debug|x64.Build.0 = Debug|x64
		{1C959542-BAC2-4E55-9A6D-13251914CBB9}.Debug|x86.ActiveCfg = Debug|Win32
		{1C959542-BAC2-4E55-9A6D-13251914CBB9}.Debug|x86.Build.0 = Debug|Win32
		{1C959542-BAC2-4E55-9A6D-13251914CBB9}.Fuzzing|Any CPU.ActiveCfg = Fuzzing|Win32
		{1C959542-BAC2-4E55-9A6D-13251914CBB9}.Fuzzing|ARM64.ActiveCfg = Fuzzing|ARM64
		{1C959542-BAC2-4E55-9A6D-13251914CBB9}.Fuzzing|x64.ActiveCfg = Fuzzing|x64
		{1C959542-BAC2-4E55-9A6D-13251914CBB9}.Fuzzing|x64.Build.0 = Fuzzing|x64
		{1C959542-BAC2-4E55-9A6D-13251914CBB9}.Fuzzing|x86.ActiveCfg = Fuzzing|Win32
		{1C959542-BAC2-4E55-9A6D-13251914CBB9}.Release|Any CPU.ActiveCfg = Release|Win32
		{1C959542-BAC2-4E55-9A6D-13251914CBB9}.Release|ARM64.ActiveCfg = Release|ARM64
		{1C959542-BAC2-4E55-9A6D-13251914CBB9}.Release|ARM64.Build.0 = Release|ARM64
		{1C959542-BAC2-4E55-9A6D-13251914CBB9}.Release|x64.ActiveCfg = Release|x64
		{1C959542-BAC2-4E55-9A6D-13251914CBB9}.Release|x64.Build.0 = Release|x64
		{1C959542-BAC2-4E55-9A6D-13251914CBB9}.Release|x86.ActiveCfg = Release|Win32
		{1C959542-BAC2-4E55-9A6D-13251914CBB9}.Release|x86.Build.0 = Release|Win32
		{531C23E7-4B76-4C08-8BBD-04164CB628C9}.AuditMode|Any CPU.ActiveCfg = AuditMode|Win32
		{531C23E7-4B76-4C08-8BBD-04164CB628C9}.AuditMode|ARM64.ActiveCfg = Release|ARM64
		{531C23E7-4B76-4C08-8BBD-04164CB628C9}.AuditMode|x64.ActiveCfg = Release|x64
		{531C23E7-4B76-4C08-8BBD-04164CB628C9}.AuditMode|x86.ActiveCfg = Release|Win32
		{531C23E7-4B76-4C08-8BBD-04164CB628C9}.Debug|Any CPU.ActiveCfg = Debug|Win32
		{531C23E7-4B76-4C08-8BBD-04164CB628C9}.Debug|ARM64.ActiveCfg = Debug|ARM64
		{531C23E7-4B76-4C08-8BBD-04164CB628C9}.Debug|ARM64.Build.0 = Debug|ARM64
		{531C23E7-4B76-4C08-8BBD-04164CB628C9}.Debug|x64.ActiveCfg = Debug|x64
		{531C23E7-4B76-4C08-8BBD-04164CB628C9}.Debug|x64.Build.0 = Debug|x64
		{531C23E7-4B76-4C08-8BBD-04164CB628C9}.Debug|x86.ActiveCfg = Debug|Win32
		{531C23E7-4B76-4C08-8BBD-04164CB628C9}.Debug|x86.Build.0 = Debug|Win32
		{531C23E7-4B76-4C08-8BBD-04164CB628C9}.Fuzzing|Any CPU.ActiveCfg = Fuzzing|Win32
		{531C23E7-4B76-4C08-8BBD-04164CB628C9}.Fuzzing|ARM64.ActiveCfg = Fuzzing|ARM64
		{531C23E7-4B76-4C08-8BBD-04164CB628C9}.Fuzzing|x64.ActiveCfg = Fuzzing|x64
		{531C23E7-4B76-4C08-8BBD-04164CB628C9}.Fuzzing|x86.ActiveCfg = Fuzzing|Win32
		{531C23E7-4B76-4C08-8BBD-04164CB628C9}.Release|Any CPU.ActiveCfg = Release|Win32
		{531C23E7-4B76-4C08-8BBD-04164CB628C9}.Release|ARM64.ActiveCfg = Release|ARM64
		{531C23E7-4B76-4C08-8BBD-04164CB628C9}.Release|ARM64.Build.0 = Release|ARM64
		{531C23E7-4B76-4C08-8BBD-04164CB628C9}.Release|x64.ActiveCfg = Release|x64
		{531C23E7-4B76-4C08-8BBD-04164CB628C9}.Release|x64.Build.0 = Release|x64
		{531C23E7-4B76-4C08-8BBD-04164CB628C9}.Release|x86.ActiveCfg = Release|Win32
		{531C23E7-4B76-4C08-8BBD-04164CB628C9}.Release|x86.Build.0 = Release|Win32
		{12144E07-FE63-4D33-9231-748B8D8C3792}.AuditMode|Any CPU.ActiveCfg = AuditMode|Win32
		{12144E07-FE63-4D33-9231-748B8D8C3792}.AuditMode|ARM64.ActiveCfg = Release|ARM64
		{12144E07-FE63-4D33-9231-748B8D8C3792}.AuditMode|x64.ActiveCfg = Release|x64
		{12144E07-FE63-4D33-9231-748B8D8C3792}.AuditMode|x86.ActiveCfg = Release|Win32
		{12144E07-FE63-4D33-9231-748B8D8C3792}.Debug|Any CPU.ActiveCfg = Debug|Win32
		{12144E07-FE63-4D33-9231-748B8D8C3792}.Debug|ARM64.ActiveCfg = Debug|ARM64
		{12144E07-FE63-4D33-9231-748B8D8C3792}.Debug|ARM64.Build.0 = Debug|ARM64
		{12144E07-FE63-4D33-9231-748B8D8C3792}.Debug|x64.ActiveCfg = Debug|x64
		{12144E07-FE63-4D33-9231-748B8D8C3792}.Debug|x64.Build.0 = Debug|x64
		{12144E07-FE63-4D33-9231-748B8D8C3792}.Debug|x86.ActiveCfg = Debug|Win32
		{12144E07-FE63-4D33-9231-748B8D8C3792}.Debug|x86.Build.0 = Debug|Win32
		{12144E07-FE63-4D33-9231-748B8D8C3792}.Fuzzing|Any CPU.ActiveCfg = Fuzzing|Win32
		{12144E07-FE63-4D33-9231-748B8D8C3792}.Fuzzing|ARM64.ActiveCfg = Fuzzing|ARM64
		{12144E07-FE63-4D33-9231-748B8D8C3792}.Fuzzing|x64.ActiveCfg = Fuzzing|x64
		{12144E07-FE63-4D33-9231-748B8D8C3792}.Fuzzing|x86.ActiveCfg = Fuzzing|Win32
		{12144E07-FE63-4D33-9231-748B8D8C3792}.Release|Any CPU.ActiveCfg = Release|Win32
		{12144E07-FE63-4D33-9231-748B8D8C3792}.Release|ARM64.ActiveCfg = Release|ARM64
		{12144E07-FE63-4D33-9231-748B8D8C3792}.Release|ARM64.Build.0 = Release|ARM64
		{12144E07-FE63-4D33-9231-748B8D8C3792}.Release|x64.ActiveCfg = Release|x64
		{12144E07-FE63-4D33-9231-748B8D8C3792}.Release|x64.Build.0 = Release|x64
		{12144E07-FE63-4D33-9231-748B8D8C3792}.Release|x86.ActiveCfg = Release|Win32
		{12144E07-FE63-4D33-9231-748B8D8C3792}.Release|x86.Build.0 = Release|Win32
		{6AF01638-84CF-4B65-9870-484DFFCAC772}.AuditMode|Any CPU.ActiveCfg = AuditMode|Win32
		{6AF01638-84CF-4B65-9870-484DFFCAC772}.AuditMode|ARM64.ActiveCfg = Release|ARM64
		{6AF01638-84CF-4B65-9870-484DFFCAC772}.AuditMode|x64.ActiveCfg = Release|x64
		{6AF01638-84CF-4B65-9870-484DFFCAC772}.AuditMode|x86.ActiveCfg = Release|Win32
		{6AF01638-84CF-4B65-9870-484DFFCAC772}.Debug|Any CPU.ActiveCfg = Debug|Win32
		{6AF01638-84CF-4B65-9870-484DFFCAC772}.Debug|ARM64.ActiveCfg = Debug|ARM64
		{6AF01638-84CF-4B65-9870-484DFFCAC772}.Debug|ARM64.Build.0 = Debug|ARM64
		{6AF01638-84CF-4B65-9870-484DFFCAC772}.Debug|x64.ActiveCfg = Debug|x64
		{6AF01638-84CF-4B65-9870-484DFFCAC772}.Debug|x64.Build.0 = Debug|x64
		{6AF01638-84CF-4B65-9870-484DFFCAC772}.Debug|x86.ActiveCfg = Debug|Win32
		{6AF01638-84CF-4B65-9870-484DFFCAC772}.Debug|x86.Build.0 = Debug|Win32
		{6AF01638-84CF-4B65-9870-484DFFCAC772}.Fuzzing|Any CPU.ActiveCfg = Fuzzing|Win32
		{6AF01638-84CF-4B65-9870-484DFFCAC772}.Fuzzing|ARM64.ActiveCfg = Fuzzing|ARM64
		{6AF01638-84CF-4B65-9870-484DFFCAC772}.Fuzzing|x64.ActiveCfg = Fuzzing|x64
		{6AF01638-84CF-4B65-9870-484DFFCAC772}.Fuzzing|x86.ActiveCfg = Fuzzing|Win32
		{6AF01638-84CF-4B65-9870-484DFFCAC772}.Release|Any CPU.ActiveCfg = Release|Win32
		{6AF01638-84CF-4B65-9870-484DFFCAC772}.Release|ARM64.ActiveCfg = Release|ARM64
		{6AF01638-84CF-4B65-9870-484DFFCAC772}.Release|ARM64.Build.0 = Release|ARM64
		{6AF01638-84CF-4B65-9870-484DFFCAC772}.Release|x64.ActiveCfg = Release|x64
		{6AF01638-84CF-4B65-9870-484DFFCAC772}.Release|x64.Build.0 = Release|x64
		{6AF01638-84CF-4B65-9870-484DFFCAC772}.Release|x86.ActiveCfg = Release|Win32
		{6AF01638-84CF-4B65-9870-484DFFCAC772}.Release|x86.Build.0 = Release|Win32
		{96927B31-D6E8-4ABD-B03E-A5088A30BEBE}.AuditMode|Any CPU.ActiveCfg = AuditMode|Win32
		{96927B31-D6E8-4ABD-B03E-A5088A30BEBE}.AuditMode|ARM64.ActiveCfg = Release|ARM64
		{96927B31-D6E8-4ABD-B03E-A5088A30BEBE}.AuditMode|x64.ActiveCfg = Release|x64
		{96927B31-D6E8-4ABD-B03E-A5088A30BEBE}.AuditMode|x86.ActiveCfg = Release|Win32
		{96927B31-D6E8-4ABD-B03E-A5088A30BEBE}.Debug|Any CPU.ActiveCfg = Debug|Win32
		{96927B31-D6E8-4ABD-B03E-A5088A30BEBE}.Debug|ARM64.ActiveCfg = Debug|ARM64
		{96927B31-D6E8-4ABD-B03E-A5088A30BEBE}.Debug|ARM64.Build.0 = Debug|ARM64
		{96927B31-D6E8-4ABD-B03E-A5088A30BEBE}.Debug|x64.ActiveCfg = Debug|x64
		{96927B31-D6E8-4ABD-B03E-A5088A30BEBE}.Debug|x64.Build.0 = Debug|x64
		{96927B31-D6E8-4ABD-B03E-A5088A30BEBE}.Debug|x86.ActiveCfg = Debug|Win32
		{96927B31-D6E8-4ABD-B03E-A5088A30BEBE}.Debug|x86.Build.0 = Debug|Win32
		{96927B31-D6E8-4ABD-B03E-A5088A30BEBE}.Fuzzing|Any CPU.ActiveCfg = Fuzzing|Win32
		{96927B31-D6E8-4ABD-B03E-A5088A30BEBE}.Fuzzing|ARM64.ActiveCfg = Fuzzing|ARM64
		{96927B31-D6E8-4ABD-B03E-A5088A30BEBE}.Fuzzing|x64.ActiveCfg = Fuzzing|x64
		{96927B31-D6E8-4ABD-B03E-A5088A30BEBE}.Fuzzing|x86.ActiveCfg = Fuzzing|Win32
		{96927B31-D6E8-4ABD-B03E-A5088A30BEBE}.Release|Any CPU.ActiveCfg = Release|Win32
		{96927B31-D6E8-4ABD-B03E-A5088A30BEBE}.Release|ARM64.ActiveCfg = Release|ARM64
		{96927B31-D6E8-4ABD-B03E-A5088A30BEBE}.Release|ARM64.Build.0 = Release|ARM64
		{96927B31-D6E8-4ABD-B03E-A5088A30BEBE}.Release|x64.ActiveCfg = Release|x64
		{96927B31-D6E8-4ABD-B03E-A5088A30BEBE}.Release|x64.Build.0 = Release|x64
		{96927B31-D6E8-4ABD-B03E-A5088A30BEBE}.Release|x86.ActiveCfg = Release|Win32
		{96927B31-D6E8-4ABD-B03E-A5088A30BEBE}.Release|x86.Build.0 = Release|Win32
		{F210A4AE-E02A-4BFC-80BB-F50A672FE763}.AuditMode|Any CPU.ActiveCfg = AuditMode|Win32
		{F210A4AE-E02A-4BFC-80BB-F50A672FE763}.AuditMode|ARM64.ActiveCfg = Release|ARM64
		{F210A4AE-E02A-4BFC-80BB-F50A672FE763}.AuditMode|x64.ActiveCfg = Release|x64
		{F210A4AE-E02A-4BFC-80BB-F50A672FE763}.AuditMode|x86.ActiveCfg = Release|Win32
		{F210A4AE-E02A-4BFC-80BB-F50A672FE763}.Debug|Any CPU.ActiveCfg = Debug|Win32
		{F210A4AE-E02A-4BFC-80BB-F50A672FE763}.Debug|ARM64.ActiveCfg = Debug|ARM64
		{F210A4AE-E02A-4BFC-80BB-F50A672FE763}.Debug|ARM64.Build.0 = Debug|ARM64
		{F210A4AE-E02A-4BFC-80BB-F50A672FE763}.Debug|x64.ActiveCfg = Debug|x64
		{F210A4AE-E02A-4BFC-80BB-F50A672FE763}.Debug|x64.Build.0 = Debug|x64
		{F210A4AE-E02A-4BFC-80BB-F50A672FE763}.Debug|x86.ActiveCfg = Debug|Win32
		{F210A4AE-E02A-4BFC-80BB-F50A672FE763}.Debug|x86.Build.0 = Debug|Win32
		{F210A4AE-E02A-4BFC-80BB-F50A672FE763}.Fuzzing|Any CPU.ActiveCfg = Fuzzing|Win32
		{F210A4AE-E02A-4BFC-80BB-F50A672FE763}.Fuzzing|ARM64.ActiveCfg = Fuzzing|ARM64
		{F210A4AE-E02A-4BFC-80BB-F50A672FE763}.Fuzzing|x64.ActiveCfg = Fuzzing|x64
		{F210A4AE-E02A-4BFC-80BB-F50A672FE763}.Fuzzing|x86.ActiveCfg = Fuzzing|Win32
		{F210A4AE-E02A-4BFC-80BB-F50A672FE763}.Release|Any CPU.ActiveCfg = Release|Win32
		{F210A4AE-E02A-4BFC-80BB-F50A672FE763}.Release|ARM64.ActiveCfg = Release|ARM64
		{F210A4AE-E02A-4BFC-80BB-F50A672FE763}.Release|ARM64.Build.0 = Release|ARM64
		{F210A4AE-E02A-4BFC-80BB-F50A672FE763}.Release|x64.ActiveCfg = Release|x64
		{F210A4AE-E02A-4BFC-80BB-F50A672FE763}.Release|x64.Build.0 = Release|x64
		{F210A4AE-E02A-4BFC-80BB-F50A672FE763}.Release|x86.ActiveCfg = Release|Win32
		{F210A4AE-E02A-4BFC-80BB-F50A672FE763}.Release|x86.Build.0 = Release|Win32
		{18D09A24-8240-42D6-8CB6-236EEE820263}.AuditMode|Any CPU.ActiveCfg = AuditMode|Win32
		{18D09A24-8240-42D6-8CB6-236EEE820263}.AuditMode|ARM64.ActiveCfg = AuditMode|ARM64
		{18D09A24-8240-42D6-8CB6-236EEE820263}.AuditMode|ARM64.Build.0 = AuditMode|ARM64
		{18D09A24-8240-42D6-8CB6-236EEE820263}.AuditMode|x64.ActiveCfg = AuditMode|x64
		{18D09A24-8240-42D6-8CB6-236EEE820263}.AuditMode|x64.Build.0 = AuditMode|x64
		{18D09A24-8240-42D6-8CB6-236EEE820263}.AuditMode|x86.ActiveCfg = AuditMode|Win32
		{18D09A24-8240-42D6-8CB6-236EEE820263}.AuditMode|x86.Build.0 = AuditMode|Win32
		{18D09A24-8240-42D6-8CB6-236EEE820263}.Debug|Any CPU.ActiveCfg = Debug|Win32
		{18D09A24-8240-42D6-8CB6-236EEE820263}.Debug|ARM64.ActiveCfg = Debug|ARM64
		{18D09A24-8240-42D6-8CB6-236EEE820263}.Debug|ARM64.Build.0 = Debug|ARM64
		{18D09A24-8240-42D6-8CB6-236EEE820263}.Debug|x64.ActiveCfg = Debug|x64
		{18D09A24-8240-42D6-8CB6-236EEE820263}.Debug|x64.Build.0 = Debug|x64
		{18D09A24-8240-42D6-8CB6-236EEE820263}.Debug|x86.ActiveCfg = Debug|Win32
		{18D09A24-8240-42D6-8CB6-236EEE820263}.Debug|x86.Build.0 = Debug|Win32
		{18D09A24-8240-42D6-8CB6-236EEE820263}.Fuzzing|Any CPU.ActiveCfg = Fuzzing|Win32
		{18D09A24-8240-42D6-8CB6-236EEE820263}.Fuzzing|ARM64.ActiveCfg = Fuzzing|ARM64
		{18D09A24-8240-42D6-8CB6-236EEE820263}.Fuzzing|x64.ActiveCfg = Fuzzing|x64
		{18D09A24-8240-42D6-8CB6-236EEE820263}.Fuzzing|x64.Build.0 = Fuzzing|x64
		{18D09A24-8240-42D6-8CB6-236EEE820263}.Fuzzing|x86.ActiveCfg = Fuzzing|Win32
		{18D09A24-8240-42D6-8CB6-236EEE820263}.Release|Any CPU.ActiveCfg = Release|Win32
		{18D09A24-8240-42D6-8CB6-236EEE820263}.Release|ARM64.ActiveCfg = Release|ARM64
		{18D09A24-8240-42D6-8CB6-236EEE820263}.Release|ARM64.Build.0 = Release|ARM64
		{18D09A24-8240-42D6-8CB6-236EEE820263}.Release|x64.ActiveCfg = Release|x64
		{18D09A24-8240-42D6-8CB6-236EEE820263}.Release|x64.Build.0 = Release|x64
		{18D09A24-8240-42D6-8CB6-236EEE820263}.Release|x86.ActiveCfg = Release|Win32
		{18D09A24-8240-42D6-8CB6-236EEE820263}.Release|x86.Build.0 = Release|Win32
		{0CF235BD-2DA0-407E-90EE-C467E8BBC714}.AuditMode|Any CPU.ActiveCfg = AuditMode|Win32
		{0CF235BD-2DA0-407E-90EE-C467E8BBC714}.AuditMode|ARM64.ActiveCfg = AuditMode|ARM64
		{0CF235BD-2DA0-407E-90EE-C467E8BBC714}.AuditMode|ARM64.Build.0 = AuditMode|ARM64
		{0CF235BD-2DA0-407E-90EE-C467E8BBC714}.AuditMode|x64.ActiveCfg = AuditMode|x64
		{0CF235BD-2DA0-407E-90EE-C467E8BBC714}.AuditMode|x64.Build.0 = AuditMode|x64
		{0CF235BD-2DA0-407E-90EE-C467E8BBC714}.AuditMode|x86.ActiveCfg = AuditMode|Win32
		{0CF235BD-2DA0-407E-90EE-C467E8BBC714}.AuditMode|x86.Build.0 = AuditMode|Win32
		{0CF235BD-2DA0-407E-90EE-C467E8BBC714}.Debug|Any CPU.ActiveCfg = Debug|Win32
		{0CF235BD-2DA0-407E-90EE-C467E8BBC714}.Debug|ARM64.ActiveCfg = Debug|ARM64
		{0CF235BD-2DA0-407E-90EE-C467E8BBC714}.Debug|ARM64.Build.0 = Debug|ARM64
		{0CF235BD-2DA0-407E-90EE-C467E8BBC714}.Debug|x64.ActiveCfg = Debug|x64
		{0CF235BD-2DA0-407E-90EE-C467E8BBC714}.Debug|x64.Build.0 = Debug|x64
		{0CF235BD-2DA0-407E-90EE-C467E8BBC714}.Debug|x86.ActiveCfg = Debug|Win32
		{0CF235BD-2DA0-407E-90EE-C467E8BBC714}.Debug|x86.Build.0 = Debug|Win32
		{0CF235BD-2DA0-407E-90EE-C467E8BBC714}.Fuzzing|Any CPU.ActiveCfg = Fuzzing|Win32
		{0CF235BD-2DA0-407E-90EE-C467E8BBC714}.Fuzzing|ARM64.ActiveCfg = Fuzzing|ARM64
		{0CF235BD-2DA0-407E-90EE-C467E8BBC714}.Fuzzing|x64.ActiveCfg = Fuzzing|x64
		{0CF235BD-2DA0-407E-90EE-C467E8BBC714}.Fuzzing|x64.Build.0 = Fuzzing|x64
		{0CF235BD-2DA0-407E-90EE-C467E8BBC714}.Fuzzing|x86.ActiveCfg = Fuzzing|Win32
		{0CF235BD-2DA0-407E-90EE-C467E8BBC714}.Release|Any CPU.ActiveCfg = Release|Win32
		{0CF235BD-2DA0-407E-90EE-C467E8BBC714}.Release|ARM64.ActiveCfg = Release|ARM64
		{0CF235BD-2DA0-407E-90EE-C467E8BBC714}.Release|ARM64.Build.0 = Release|ARM64
		{0CF235BD-2DA0-407E-90EE-C467E8BBC714}.Release|x64.ActiveCfg = Release|x64
		{0CF235BD-2DA0-407E-90EE-C467E8BBC714}.Release|x64.Build.0 = Release|x64
		{0CF235BD-2DA0-407E-90EE-C467E8BBC714}.Release|x86.ActiveCfg = Release|Win32
		{0CF235BD-2DA0-407E-90EE-C467E8BBC714}.Release|x86.Build.0 = Release|Win32
		{CA5CAD1A-ABCD-429C-B551-8562EC954746}.AuditMode|Any CPU.ActiveCfg = AuditMode|Win32
		{CA5CAD1A-ABCD-429C-B551-8562EC954746}.AuditMode|ARM64.ActiveCfg = Release|ARM64
		{CA5CAD1A-ABCD-429C-B551-8562EC954746}.AuditMode|x64.ActiveCfg = AuditMode|x64
		{CA5CAD1A-ABCD-429C-B551-8562EC954746}.AuditMode|x64.Build.0 = AuditMode|x64
		{CA5CAD1A-ABCD-429C-B551-8562EC954746}.AuditMode|x86.ActiveCfg = Release|Win32
		{CA5CAD1A-ABCD-429C-B551-8562EC954746}.Debug|Any CPU.ActiveCfg = Debug|Win32
		{CA5CAD1A-ABCD-429C-B551-8562EC954746}.Debug|ARM64.ActiveCfg = Debug|ARM64
		{CA5CAD1A-ABCD-429C-B551-8562EC954746}.Debug|ARM64.Build.0 = Debug|ARM64
		{CA5CAD1A-ABCD-429C-B551-8562EC954746}.Debug|x64.ActiveCfg = Debug|x64
		{CA5CAD1A-ABCD-429C-B551-8562EC954746}.Debug|x64.Build.0 = Debug|x64
		{CA5CAD1A-ABCD-429C-B551-8562EC954746}.Debug|x86.ActiveCfg = Debug|Win32
		{CA5CAD1A-ABCD-429C-B551-8562EC954746}.Debug|x86.Build.0 = Debug|Win32
		{CA5CAD1A-ABCD-429C-B551-8562EC954746}.Fuzzing|Any CPU.ActiveCfg = Fuzzing|Win32
		{CA5CAD1A-ABCD-429C-B551-8562EC954746}.Fuzzing|ARM64.ActiveCfg = Fuzzing|ARM64
		{CA5CAD1A-ABCD-429C-B551-8562EC954746}.Fuzzing|x64.ActiveCfg = Fuzzing|x64
		{CA5CAD1A-ABCD-429C-B551-8562EC954746}.Fuzzing|x86.ActiveCfg = Fuzzing|Win32
		{CA5CAD1A-ABCD-429C-B551-8562EC954746}.Release|Any CPU.ActiveCfg = Release|Win32
		{CA5CAD1A-ABCD-429C-B551-8562EC954746}.Release|ARM64.ActiveCfg = Release|ARM64
		{CA5CAD1A-ABCD-429C-B551-8562EC954746}.Release|ARM64.Build.0 = Release|ARM64
		{CA5CAD1A-ABCD-429C-B551-8562EC954746}.Release|x64.ActiveCfg = Release|x64
		{CA5CAD1A-ABCD-429C-B551-8562EC954746}.Release|x64.Build.0 = Release|x64
		{CA5CAD1A-ABCD-429C-B551-8562EC954746}.Release|x86.ActiveCfg = Release|Win32
		{CA5CAD1A-ABCD-429C-B551-8562EC954746}.Release|x86.Build.0 = Release|Win32
		{CA5CAD1A-44BD-4AC7-AC72-6CA5B3AB89ED}.AuditMode|Any CPU.ActiveCfg = Debug|Win32
		{CA5CAD1A-44BD-4AC7-AC72-6CA5B3AB89ED}.AuditMode|ARM64.ActiveCfg = Release|ARM64
		{CA5CAD1A-44BD-4AC7-AC72-6CA5B3AB89ED}.AuditMode|x64.ActiveCfg = Release|x64
		{CA5CAD1A-44BD-4AC7-AC72-6CA5B3AB89ED}.AuditMode|x86.ActiveCfg = Release|Win32
		{CA5CAD1A-44BD-4AC7-AC72-6CA5B3AB89ED}.Debug|Any CPU.ActiveCfg = Debug|Win32
		{CA5CAD1A-44BD-4AC7-AC72-6CA5B3AB89ED}.Debug|ARM64.ActiveCfg = Debug|ARM64
		{CA5CAD1A-44BD-4AC7-AC72-6CA5B3AB89ED}.Debug|ARM64.Build.0 = Debug|ARM64
		{CA5CAD1A-44BD-4AC7-AC72-6CA5B3AB89ED}.Debug|x64.ActiveCfg = Debug|x64
		{CA5CAD1A-44BD-4AC7-AC72-6CA5B3AB89ED}.Debug|x64.Build.0 = Debug|x64
		{CA5CAD1A-44BD-4AC7-AC72-6CA5B3AB89ED}.Debug|x86.ActiveCfg = Debug|Win32
		{CA5CAD1A-44BD-4AC7-AC72-6CA5B3AB89ED}.Debug|x86.Build.0 = Debug|Win32
		{CA5CAD1A-44BD-4AC7-AC72-6CA5B3AB89ED}.Fuzzing|Any CPU.ActiveCfg = Fuzzing|Win32
		{CA5CAD1A-44BD-4AC7-AC72-6CA5B3AB89ED}.Fuzzing|ARM64.ActiveCfg = Fuzzing|ARM64
		{CA5CAD1A-44BD-4AC7-AC72-6CA5B3AB89ED}.Fuzzing|x64.ActiveCfg = Fuzzing|x64
		{CA5CAD1A-44BD-4AC7-AC72-6CA5B3AB89ED}.Fuzzing|x86.ActiveCfg = Fuzzing|Win32
		{CA5CAD1A-44BD-4AC7-AC72-6CA5B3AB89ED}.Release|Any CPU.ActiveCfg = Release|Win32
		{CA5CAD1A-44BD-4AC7-AC72-6CA5B3AB89ED}.Release|ARM64.ActiveCfg = Release|ARM64
		{CA5CAD1A-44BD-4AC7-AC72-6CA5B3AB89ED}.Release|ARM64.Build.0 = Release|ARM64
		{CA5CAD1A-44BD-4AC7-AC72-6CA5B3AB89ED}.Release|x64.ActiveCfg = Release|x64
		{CA5CAD1A-44BD-4AC7-AC72-6CA5B3AB89ED}.Release|x64.Build.0 = Release|x64
		{CA5CAD1A-44BD-4AC7-AC72-6CA5B3AB89ED}.Release|x86.ActiveCfg = Release|Win32
		{CA5CAD1A-44BD-4AC7-AC72-6CA5B3AB89ED}.Release|x86.Build.0 = Release|Win32
		{CA5CAD1A-F542-4635-A069-7CAEFB930070}.AuditMode|Any CPU.ActiveCfg = Debug|Win32
		{CA5CAD1A-F542-4635-A069-7CAEFB930070}.AuditMode|ARM64.ActiveCfg = Release|ARM64
		{CA5CAD1A-F542-4635-A069-7CAEFB930070}.AuditMode|x64.ActiveCfg = Release|x64
		{CA5CAD1A-F542-4635-A069-7CAEFB930070}.AuditMode|x86.ActiveCfg = Release|Win32
		{CA5CAD1A-F542-4635-A069-7CAEFB930070}.Debug|Any CPU.ActiveCfg = Debug|Win32
		{CA5CAD1A-F542-4635-A069-7CAEFB930070}.Debug|ARM64.ActiveCfg = Debug|ARM64
		{CA5CAD1A-F542-4635-A069-7CAEFB930070}.Debug|ARM64.Build.0 = Debug|ARM64
		{CA5CAD1A-F542-4635-A069-7CAEFB930070}.Debug|x64.ActiveCfg = Debug|x64
		{CA5CAD1A-F542-4635-A069-7CAEFB930070}.Debug|x64.Build.0 = Debug|x64
		{CA5CAD1A-F542-4635-A069-7CAEFB930070}.Debug|x86.ActiveCfg = Debug|Win32
		{CA5CAD1A-F542-4635-A069-7CAEFB930070}.Debug|x86.Build.0 = Debug|Win32
		{CA5CAD1A-F542-4635-A069-7CAEFB930070}.Fuzzing|Any CPU.ActiveCfg = Fuzzing|Win32
		{CA5CAD1A-F542-4635-A069-7CAEFB930070}.Fuzzing|ARM64.ActiveCfg = Fuzzing|ARM64
		{CA5CAD1A-F542-4635-A069-7CAEFB930070}.Fuzzing|x64.ActiveCfg = Fuzzing|x64
		{CA5CAD1A-F542-4635-A069-7CAEFB930070}.Fuzzing|x86.ActiveCfg = Fuzzing|Win32
		{CA5CAD1A-F542-4635-A069-7CAEFB930070}.Release|Any CPU.ActiveCfg = Release|Win32
		{CA5CAD1A-F542-4635-A069-7CAEFB930070}.Release|ARM64.ActiveCfg = Release|ARM64
		{CA5CAD1A-F542-4635-A069-7CAEFB930070}.Release|ARM64.Build.0 = Release|ARM64
		{CA5CAD1A-F542-4635-A069-7CAEFB930070}.Release|x64.ActiveCfg = Release|x64
		{CA5CAD1A-F542-4635-A069-7CAEFB930070}.Release|x64.Build.0 = Release|x64
		{CA5CAD1A-F542-4635-A069-7CAEFB930070}.Release|x86.ActiveCfg = Release|Win32
		{CA5CAD1A-F542-4635-A069-7CAEFB930070}.Release|x86.Build.0 = Release|Win32
		{2C2BEEF4-9333-4D05-B12A-1905CBF112F9}.AuditMode|Any CPU.ActiveCfg = AuditMode|Win32
		{2C2BEEF4-9333-4D05-B12A-1905CBF112F9}.AuditMode|ARM64.ActiveCfg = AuditMode|ARM64
		{2C2BEEF4-9333-4D05-B12A-1905CBF112F9}.AuditMode|x64.ActiveCfg = AuditMode|x64
		{2C2BEEF4-9333-4D05-B12A-1905CBF112F9}.AuditMode|x86.ActiveCfg = AuditMode|Win32
		{2C2BEEF4-9333-4D05-B12A-1905CBF112F9}.Debug|Any CPU.ActiveCfg = Debug|Win32
		{2C2BEEF4-9333-4D05-B12A-1905CBF112F9}.Debug|ARM64.ActiveCfg = Debug|ARM64
		{2C2BEEF4-9333-4D05-B12A-1905CBF112F9}.Debug|ARM64.Build.0 = Debug|ARM64
		{2C2BEEF4-9333-4D05-B12A-1905CBF112F9}.Debug|x64.ActiveCfg = Debug|x64
		{2C2BEEF4-9333-4D05-B12A-1905CBF112F9}.Debug|x64.Build.0 = Debug|x64
		{2C2BEEF4-9333-4D05-B12A-1905CBF112F9}.Debug|x86.ActiveCfg = Debug|Win32
		{2C2BEEF4-9333-4D05-B12A-1905CBF112F9}.Debug|x86.Build.0 = Debug|Win32
		{2C2BEEF4-9333-4D05-B12A-1905CBF112F9}.Fuzzing|Any CPU.ActiveCfg = Fuzzing|Win32
		{2C2BEEF4-9333-4D05-B12A-1905CBF112F9}.Fuzzing|ARM64.ActiveCfg = Fuzzing|ARM64
		{2C2BEEF4-9333-4D05-B12A-1905CBF112F9}.Fuzzing|x64.ActiveCfg = Fuzzing|x64
		{2C2BEEF4-9333-4D05-B12A-1905CBF112F9}.Fuzzing|x86.ActiveCfg = Fuzzing|Win32
		{2C2BEEF4-9333-4D05-B12A-1905CBF112F9}.Release|Any CPU.ActiveCfg = Release|Win32
		{2C2BEEF4-9333-4D05-B12A-1905CBF112F9}.Release|ARM64.ActiveCfg = Release|ARM64
		{2C2BEEF4-9333-4D05-B12A-1905CBF112F9}.Release|ARM64.Build.0 = Release|ARM64
		{2C2BEEF4-9333-4D05-B12A-1905CBF112F9}.Release|x64.ActiveCfg = Release|x64
		{2C2BEEF4-9333-4D05-B12A-1905CBF112F9}.Release|x64.Build.0 = Release|x64
		{2C2BEEF4-9333-4D05-B12A-1905CBF112F9}.Release|x86.ActiveCfg = Release|Win32
		{2C2BEEF4-9333-4D05-B12A-1905CBF112F9}.Release|x86.Build.0 = Release|Win32
		{34DE34D3-1CD6-4EE3-8BD9-A26B5B27EC73}.AuditMode|Any CPU.ActiveCfg = AuditMode|Win32
		{34DE34D3-1CD6-4EE3-8BD9-A26B5B27EC73}.AuditMode|ARM64.ActiveCfg = AuditMode|ARM64
		{34DE34D3-1CD6-4EE3-8BD9-A26B5B27EC73}.AuditMode|x64.ActiveCfg = AuditMode|x64
		{34DE34D3-1CD6-4EE3-8BD9-A26B5B27EC73}.AuditMode|x86.ActiveCfg = AuditMode|Win32
		{34DE34D3-1CD6-4EE3-8BD9-A26B5B27EC73}.Debug|Any CPU.ActiveCfg = Debug|Win32
		{34DE34D3-1CD6-4EE3-8BD9-A26B5B27EC73}.Debug|ARM64.ActiveCfg = Debug|ARM64
		{34DE34D3-1CD6-4EE3-8BD9-A26B5B27EC73}.Debug|ARM64.Build.0 = Debug|ARM64
		{34DE34D3-1CD6-4EE3-8BD9-A26B5B27EC73}.Debug|x64.ActiveCfg = Debug|x64
		{34DE34D3-1CD6-4EE3-8BD9-A26B5B27EC73}.Debug|x64.Build.0 = Debug|x64
		{34DE34D3-1CD6-4EE3-8BD9-A26B5B27EC73}.Debug|x86.ActiveCfg = Debug|Win32
		{34DE34D3-1CD6-4EE3-8BD9-A26B5B27EC73}.Debug|x86.Build.0 = Debug|Win32
		{34DE34D3-1CD6-4EE3-8BD9-A26B5B27EC73}.Fuzzing|Any CPU.ActiveCfg = Fuzzing|Win32
		{34DE34D3-1CD6-4EE3-8BD9-A26B5B27EC73}.Fuzzing|ARM64.ActiveCfg = Fuzzing|ARM64
		{34DE34D3-1CD6-4EE3-8BD9-A26B5B27EC73}.Fuzzing|x64.ActiveCfg = Fuzzing|x64
		{34DE34D3-1CD6-4EE3-8BD9-A26B5B27EC73}.Fuzzing|x86.ActiveCfg = Fuzzing|Win32
		{34DE34D3-1CD6-4EE3-8BD9-A26B5B27EC73}.Release|Any CPU.ActiveCfg = Release|Win32
		{34DE34D3-1CD6-4EE3-8BD9-A26B5B27EC73}.Release|ARM64.ActiveCfg = Release|ARM64
		{34DE34D3-1CD6-4EE3-8BD9-A26B5B27EC73}.Release|ARM64.Build.0 = Release|ARM64
		{34DE34D3-1CD6-4EE3-8BD9-A26B5B27EC73}.Release|x64.ActiveCfg = Release|x64
		{34DE34D3-1CD6-4EE3-8BD9-A26B5B27EC73}.Release|x64.Build.0 = Release|x64
		{34DE34D3-1CD6-4EE3-8BD9-A26B5B27EC73}.Release|x86.ActiveCfg = Release|Win32
		{34DE34D3-1CD6-4EE3-8BD9-A26B5B27EC73}.Release|x86.Build.0 = Release|Win32
		{376FE273-6B84-4EB5-8B30-8DE9D21B022C}.AuditMode|Any CPU.ActiveCfg = Release|Any CPU
		{376FE273-6B84-4EB5-8B30-8DE9D21B022C}.AuditMode|ARM64.ActiveCfg = Debug|Any CPU
		{376FE273-6B84-4EB5-8B30-8DE9D21B022C}.AuditMode|ARM64.Build.0 = Debug|Any CPU
		{376FE273-6B84-4EB5-8B30-8DE9D21B022C}.AuditMode|x64.ActiveCfg = Debug|Any CPU
		{376FE273-6B84-4EB5-8B30-8DE9D21B022C}.AuditMode|x64.Build.0 = Debug|Any CPU
		{376FE273-6B84-4EB5-8B30-8DE9D21B022C}.AuditMode|x86.ActiveCfg = Debug|Any CPU
		{376FE273-6B84-4EB5-8B30-8DE9D21B022C}.AuditMode|x86.Build.0 = Debug|Any CPU
		{376FE273-6B84-4EB5-8B30-8DE9D21B022C}.Debug|Any CPU.ActiveCfg = Debug|Any CPU
		{376FE273-6B84-4EB5-8B30-8DE9D21B022C}.Debug|Any CPU.Build.0 = Debug|Any CPU
		{376FE273-6B84-4EB5-8B30-8DE9D21B022C}.Debug|ARM64.ActiveCfg = Debug|Any CPU
		{376FE273-6B84-4EB5-8B30-8DE9D21B022C}.Debug|ARM64.Build.0 = Debug|Any CPU
		{376FE273-6B84-4EB5-8B30-8DE9D21B022C}.Debug|x64.ActiveCfg = Debug|Any CPU
		{376FE273-6B84-4EB5-8B30-8DE9D21B022C}.Debug|x64.Build.0 = Debug|Any CPU
		{376FE273-6B84-4EB5-8B30-8DE9D21B022C}.Debug|x86.ActiveCfg = Debug|Any CPU
		{376FE273-6B84-4EB5-8B30-8DE9D21B022C}.Debug|x86.Build.0 = Debug|Any CPU
		{376FE273-6B84-4EB5-8B30-8DE9D21B022C}.Fuzzing|Any CPU.ActiveCfg = Debug|Any CPU
		{376FE273-6B84-4EB5-8B30-8DE9D21B022C}.Fuzzing|ARM64.ActiveCfg = Fuzzing|Any CPU
		{376FE273-6B84-4EB5-8B30-8DE9D21B022C}.Fuzzing|x64.ActiveCfg = Debug|Any CPU
		{376FE273-6B84-4EB5-8B30-8DE9D21B022C}.Fuzzing|x86.ActiveCfg = Fuzzing|Any CPU
		{376FE273-6B84-4EB5-8B30-8DE9D21B022C}.Release|Any CPU.ActiveCfg = Release|Any CPU
		{376FE273-6B84-4EB5-8B30-8DE9D21B022C}.Release|Any CPU.Build.0 = Release|Any CPU
		{376FE273-6B84-4EB5-8B30-8DE9D21B022C}.Release|ARM64.ActiveCfg = Release|Any CPU
		{376FE273-6B84-4EB5-8B30-8DE9D21B022C}.Release|ARM64.Build.0 = Release|Any CPU
		{376FE273-6B84-4EB5-8B30-8DE9D21B022C}.Release|x64.ActiveCfg = Release|Any CPU
		{376FE273-6B84-4EB5-8B30-8DE9D21B022C}.Release|x64.Build.0 = Release|Any CPU
		{376FE273-6B84-4EB5-8B30-8DE9D21B022C}.Release|x86.ActiveCfg = Release|Any CPU
		{376FE273-6B84-4EB5-8B30-8DE9D21B022C}.Release|x86.Build.0 = Release|Any CPU
		{48D21369-3D7B-4431-9967-24E81292CF63}.AuditMode|Any CPU.ActiveCfg = AuditMode|Win32
		{48D21369-3D7B-4431-9967-24E81292CF63}.AuditMode|ARM64.ActiveCfg = AuditMode|ARM64
		{48D21369-3D7B-4431-9967-24E81292CF63}.AuditMode|ARM64.Build.0 = AuditMode|ARM64
		{48D21369-3D7B-4431-9967-24E81292CF63}.AuditMode|x64.ActiveCfg = AuditMode|x64
		{48D21369-3D7B-4431-9967-24E81292CF63}.AuditMode|x64.Build.0 = AuditMode|x64
		{48D21369-3D7B-4431-9967-24E81292CF63}.AuditMode|x86.ActiveCfg = AuditMode|Win32
		{48D21369-3D7B-4431-9967-24E81292CF63}.AuditMode|x86.Build.0 = AuditMode|Win32
		{48D21369-3D7B-4431-9967-24E81292CF63}.Debug|Any CPU.ActiveCfg = Debug|Win32
		{48D21369-3D7B-4431-9967-24E81292CF63}.Debug|ARM64.ActiveCfg = Debug|ARM64
		{48D21369-3D7B-4431-9967-24E81292CF63}.Debug|ARM64.Build.0 = Debug|ARM64
		{48D21369-3D7B-4431-9967-24E81292CF63}.Debug|x64.ActiveCfg = Debug|x64
		{48D21369-3D7B-4431-9967-24E81292CF63}.Debug|x64.Build.0 = Debug|x64
		{48D21369-3D7B-4431-9967-24E81292CF63}.Debug|x86.ActiveCfg = Debug|Win32
		{48D21369-3D7B-4431-9967-24E81292CF63}.Debug|x86.Build.0 = Debug|Win32
		{48D21369-3D7B-4431-9967-24E81292CF63}.Fuzzing|Any CPU.ActiveCfg = Fuzzing|Win32
		{48D21369-3D7B-4431-9967-24E81292CF63}.Fuzzing|ARM64.ActiveCfg = Fuzzing|ARM64
		{48D21369-3D7B-4431-9967-24E81292CF63}.Fuzzing|x64.ActiveCfg = Fuzzing|x64
		{48D21369-3D7B-4431-9967-24E81292CF63}.Fuzzing|x86.ActiveCfg = Fuzzing|Win32
		{48D21369-3D7B-4431-9967-24E81292CF63}.Release|Any CPU.ActiveCfg = Release|Win32
		{48D21369-3D7B-4431-9967-24E81292CF63}.Release|ARM64.ActiveCfg = Release|ARM64
		{48D21369-3D7B-4431-9967-24E81292CF63}.Release|ARM64.Build.0 = Release|ARM64
		{48D21369-3D7B-4431-9967-24E81292CF63}.Release|x64.ActiveCfg = Release|x64
		{48D21369-3D7B-4431-9967-24E81292CF63}.Release|x64.Build.0 = Release|x64
		{48D21369-3D7B-4431-9967-24E81292CF63}.Release|x86.ActiveCfg = Release|Win32
		{48D21369-3D7B-4431-9967-24E81292CF63}.Release|x86.Build.0 = Release|Win32
		{CA5CAD1A-039A-4929-BA2A-8BEB2E4106FE}.AuditMode|Any CPU.ActiveCfg = Release|x64
		{CA5CAD1A-039A-4929-BA2A-8BEB2E4106FE}.AuditMode|ARM64.ActiveCfg = Release|ARM64
		{CA5CAD1A-039A-4929-BA2A-8BEB2E4106FE}.AuditMode|x64.ActiveCfg = AuditMode|x64
		{CA5CAD1A-039A-4929-BA2A-8BEB2E4106FE}.AuditMode|x64.Build.0 = AuditMode|x64
		{CA5CAD1A-039A-4929-BA2A-8BEB2E4106FE}.AuditMode|x86.ActiveCfg = Release|Win32
		{CA5CAD1A-039A-4929-BA2A-8BEB2E4106FE}.Debug|Any CPU.ActiveCfg = Debug|Win32
		{CA5CAD1A-039A-4929-BA2A-8BEB2E4106FE}.Debug|ARM64.ActiveCfg = Debug|ARM64
		{CA5CAD1A-039A-4929-BA2A-8BEB2E4106FE}.Debug|ARM64.Build.0 = Debug|ARM64
		{CA5CAD1A-039A-4929-BA2A-8BEB2E4106FE}.Debug|x64.ActiveCfg = Debug|x64
		{CA5CAD1A-039A-4929-BA2A-8BEB2E4106FE}.Debug|x64.Build.0 = Debug|x64
		{CA5CAD1A-039A-4929-BA2A-8BEB2E4106FE}.Debug|x86.ActiveCfg = Debug|Win32
		{CA5CAD1A-039A-4929-BA2A-8BEB2E4106FE}.Debug|x86.Build.0 = Debug|Win32
		{CA5CAD1A-039A-4929-BA2A-8BEB2E4106FE}.Fuzzing|Any CPU.ActiveCfg = Fuzzing|Win32
		{CA5CAD1A-039A-4929-BA2A-8BEB2E4106FE}.Fuzzing|ARM64.ActiveCfg = Fuzzing|ARM64
		{CA5CAD1A-039A-4929-BA2A-8BEB2E4106FE}.Fuzzing|x64.ActiveCfg = Fuzzing|x64
		{CA5CAD1A-039A-4929-BA2A-8BEB2E4106FE}.Fuzzing|x86.ActiveCfg = Fuzzing|Win32
		{CA5CAD1A-039A-4929-BA2A-8BEB2E4106FE}.Release|Any CPU.ActiveCfg = Release|Win32
		{CA5CAD1A-039A-4929-BA2A-8BEB2E4106FE}.Release|ARM64.ActiveCfg = Release|ARM64
		{CA5CAD1A-039A-4929-BA2A-8BEB2E4106FE}.Release|ARM64.Build.0 = Release|ARM64
		{CA5CAD1A-039A-4929-BA2A-8BEB2E4106FE}.Release|x64.ActiveCfg = Release|x64
		{CA5CAD1A-039A-4929-BA2A-8BEB2E4106FE}.Release|x64.Build.0 = Release|x64
		{CA5CAD1A-039A-4929-BA2A-8BEB2E4106FE}.Release|x86.ActiveCfg = Release|Win32
		{CA5CAD1A-039A-4929-BA2A-8BEB2E4106FE}.Release|x86.Build.0 = Release|Win32
		{767268EE-174A-46FE-96F0-EEE698A1BBC9}.AuditMode|Any CPU.ActiveCfg = AuditMode|Win32
		{767268EE-174A-46FE-96F0-EEE698A1BBC9}.AuditMode|ARM64.ActiveCfg = AuditMode|ARM64
		{767268EE-174A-46FE-96F0-EEE698A1BBC9}.AuditMode|ARM64.Build.0 = AuditMode|ARM64
		{767268EE-174A-46FE-96F0-EEE698A1BBC9}.AuditMode|x64.ActiveCfg = Release|x64
		{767268EE-174A-46FE-96F0-EEE698A1BBC9}.AuditMode|x86.ActiveCfg = AuditMode|Win32
		{767268EE-174A-46FE-96F0-EEE698A1BBC9}.AuditMode|x86.Build.0 = AuditMode|Win32
		{767268EE-174A-46FE-96F0-EEE698A1BBC9}.Debug|Any CPU.ActiveCfg = Debug|Win32
		{767268EE-174A-46FE-96F0-EEE698A1BBC9}.Debug|ARM64.ActiveCfg = Debug|ARM64
		{767268EE-174A-46FE-96F0-EEE698A1BBC9}.Debug|ARM64.Build.0 = Debug|ARM64
		{767268EE-174A-46FE-96F0-EEE698A1BBC9}.Debug|x64.ActiveCfg = Debug|x64
		{767268EE-174A-46FE-96F0-EEE698A1BBC9}.Debug|x64.Build.0 = Debug|x64
		{767268EE-174A-46FE-96F0-EEE698A1BBC9}.Debug|x86.ActiveCfg = Debug|Win32
		{767268EE-174A-46FE-96F0-EEE698A1BBC9}.Debug|x86.Build.0 = Debug|Win32
		{767268EE-174A-46FE-96F0-EEE698A1BBC9}.Fuzzing|Any CPU.ActiveCfg = Fuzzing|Win32
		{767268EE-174A-46FE-96F0-EEE698A1BBC9}.Fuzzing|ARM64.ActiveCfg = Fuzzing|ARM64
		{767268EE-174A-46FE-96F0-EEE698A1BBC9}.Fuzzing|x64.ActiveCfg = Fuzzing|x64
		{767268EE-174A-46FE-96F0-EEE698A1BBC9}.Fuzzing|x86.ActiveCfg = Fuzzing|Win32
		{767268EE-174A-46FE-96F0-EEE698A1BBC9}.Release|Any CPU.ActiveCfg = Release|Win32
		{767268EE-174A-46FE-96F0-EEE698A1BBC9}.Release|ARM64.ActiveCfg = Release|ARM64
		{767268EE-174A-46FE-96F0-EEE698A1BBC9}.Release|ARM64.Build.0 = Release|ARM64
		{767268EE-174A-46FE-96F0-EEE698A1BBC9}.Release|x64.ActiveCfg = Release|x64
		{767268EE-174A-46FE-96F0-EEE698A1BBC9}.Release|x64.Build.0 = Release|x64
		{767268EE-174A-46FE-96F0-EEE698A1BBC9}.Release|x86.ActiveCfg = Release|Win32
		{767268EE-174A-46FE-96F0-EEE698A1BBC9}.Release|x86.Build.0 = Release|Win32
		{C323DAEE-B307-4C7B-ACE5-7293CBEFCB5B}.AuditMode|Any CPU.ActiveCfg = AuditMode|Win32
		{C323DAEE-B307-4C7B-ACE5-7293CBEFCB5B}.AuditMode|ARM64.ActiveCfg = AuditMode|ARM64
		{C323DAEE-B307-4C7B-ACE5-7293CBEFCB5B}.AuditMode|ARM64.Build.0 = AuditMode|ARM64
		{C323DAEE-B307-4C7B-ACE5-7293CBEFCB5B}.AuditMode|x64.ActiveCfg = Release|x64
		{C323DAEE-B307-4C7B-ACE5-7293CBEFCB5B}.AuditMode|x86.ActiveCfg = AuditMode|Win32
		{C323DAEE-B307-4C7B-ACE5-7293CBEFCB5B}.AuditMode|x86.Build.0 = AuditMode|Win32
		{C323DAEE-B307-4C7B-ACE5-7293CBEFCB5B}.Debug|Any CPU.ActiveCfg = Debug|Win32
		{C323DAEE-B307-4C7B-ACE5-7293CBEFCB5B}.Debug|ARM64.ActiveCfg = Debug|ARM64
		{C323DAEE-B307-4C7B-ACE5-7293CBEFCB5B}.Debug|ARM64.Build.0 = Debug|ARM64
		{C323DAEE-B307-4C7B-ACE5-7293CBEFCB5B}.Debug|x64.ActiveCfg = Debug|x64
		{C323DAEE-B307-4C7B-ACE5-7293CBEFCB5B}.Debug|x64.Build.0 = Debug|x64
		{C323DAEE-B307-4C7B-ACE5-7293CBEFCB5B}.Debug|x86.ActiveCfg = Debug|Win32
		{C323DAEE-B307-4C7B-ACE5-7293CBEFCB5B}.Debug|x86.Build.0 = Debug|Win32
		{C323DAEE-B307-4C7B-ACE5-7293CBEFCB5B}.Fuzzing|Any CPU.ActiveCfg = Fuzzing|Win32
		{C323DAEE-B307-4C7B-ACE5-7293CBEFCB5B}.Fuzzing|ARM64.ActiveCfg = Fuzzing|ARM64
		{C323DAEE-B307-4C7B-ACE5-7293CBEFCB5B}.Fuzzing|x64.ActiveCfg = Fuzzing|x64
		{C323DAEE-B307-4C7B-ACE5-7293CBEFCB5B}.Fuzzing|x86.ActiveCfg = Fuzzing|Win32
		{C323DAEE-B307-4C7B-ACE5-7293CBEFCB5B}.Release|Any CPU.ActiveCfg = Release|Win32
		{C323DAEE-B307-4C7B-ACE5-7293CBEFCB5B}.Release|ARM64.ActiveCfg = Release|ARM64
		{C323DAEE-B307-4C7B-ACE5-7293CBEFCB5B}.Release|ARM64.Build.0 = Release|ARM64
		{C323DAEE-B307-4C7B-ACE5-7293CBEFCB5B}.Release|x64.ActiveCfg = Release|x64
		{C323DAEE-B307-4C7B-ACE5-7293CBEFCB5B}.Release|x64.Build.0 = Release|x64
		{C323DAEE-B307-4C7B-ACE5-7293CBEFCB5B}.Release|x86.ActiveCfg = Release|Win32
		{C323DAEE-B307-4C7B-ACE5-7293CBEFCB5B}.Release|x86.Build.0 = Release|Win32
		{8222900C-8B6C-452A-91AC-BE95DB04B95F}.AuditMode|Any CPU.ActiveCfg = AuditMode|Win32
		{8222900C-8B6C-452A-91AC-BE95DB04B95F}.AuditMode|ARM64.ActiveCfg = AuditMode|ARM64
		{8222900C-8B6C-452A-91AC-BE95DB04B95F}.AuditMode|ARM64.Build.0 = AuditMode|ARM64
		{8222900C-8B6C-452A-91AC-BE95DB04B95F}.AuditMode|x64.ActiveCfg = AuditMode|x64
		{8222900C-8B6C-452A-91AC-BE95DB04B95F}.AuditMode|x64.Build.0 = AuditMode|x64
		{8222900C-8B6C-452A-91AC-BE95DB04B95F}.AuditMode|x86.ActiveCfg = AuditMode|Win32
		{8222900C-8B6C-452A-91AC-BE95DB04B95F}.AuditMode|x86.Build.0 = AuditMode|Win32
		{8222900C-8B6C-452A-91AC-BE95DB04B95F}.Debug|Any CPU.ActiveCfg = Debug|Win32
		{8222900C-8B6C-452A-91AC-BE95DB04B95F}.Debug|ARM64.ActiveCfg = Debug|ARM64
		{8222900C-8B6C-452A-91AC-BE95DB04B95F}.Debug|ARM64.Build.0 = Debug|ARM64
		{8222900C-8B6C-452A-91AC-BE95DB04B95F}.Debug|x64.ActiveCfg = Debug|x64
		{8222900C-8B6C-452A-91AC-BE95DB04B95F}.Debug|x64.Build.0 = Debug|x64
		{8222900C-8B6C-452A-91AC-BE95DB04B95F}.Debug|x86.ActiveCfg = Debug|Win32
		{8222900C-8B6C-452A-91AC-BE95DB04B95F}.Debug|x86.Build.0 = Debug|Win32
		{8222900C-8B6C-452A-91AC-BE95DB04B95F}.Fuzzing|Any CPU.ActiveCfg = Fuzzing|Win32
		{8222900C-8B6C-452A-91AC-BE95DB04B95F}.Fuzzing|ARM64.ActiveCfg = Fuzzing|ARM64
		{8222900C-8B6C-452A-91AC-BE95DB04B95F}.Fuzzing|ARM64.Build.0 = Fuzzing|ARM64
		{8222900C-8B6C-452A-91AC-BE95DB04B95F}.Fuzzing|x64.ActiveCfg = Fuzzing|x64
		{8222900C-8B6C-452A-91AC-BE95DB04B95F}.Fuzzing|x64.Build.0 = Fuzzing|x64
		{8222900C-8B6C-452A-91AC-BE95DB04B95F}.Fuzzing|x86.ActiveCfg = Fuzzing|Win32
		{8222900C-8B6C-452A-91AC-BE95DB04B95F}.Fuzzing|x86.Build.0 = Fuzzing|Win32
		{8222900C-8B6C-452A-91AC-BE95DB04B95F}.Release|Any CPU.ActiveCfg = Release|Win32
		{8222900C-8B6C-452A-91AC-BE95DB04B95F}.Release|ARM64.ActiveCfg = Release|ARM64
		{8222900C-8B6C-452A-91AC-BE95DB04B95F}.Release|ARM64.Build.0 = Release|ARM64
		{8222900C-8B6C-452A-91AC-BE95DB04B95F}.Release|x64.ActiveCfg = Release|x64
		{8222900C-8B6C-452A-91AC-BE95DB04B95F}.Release|x64.Build.0 = Release|x64
		{8222900C-8B6C-452A-91AC-BE95DB04B95F}.Release|x86.ActiveCfg = Release|Win32
		{8222900C-8B6C-452A-91AC-BE95DB04B95F}.Release|x86.Build.0 = Release|Win32
		{75C6F576-18E9-4566-978A-F0A301CAC090}.AuditMode|Any CPU.ActiveCfg = AuditMode|x64
		{75C6F576-18E9-4566-978A-F0A301CAC090}.AuditMode|ARM64.ActiveCfg = AuditMode|ARM64
		{75C6F576-18E9-4566-978A-F0A301CAC090}.AuditMode|x64.ActiveCfg = AuditMode|x64
		{75C6F576-18E9-4566-978A-F0A301CAC090}.AuditMode|x86.ActiveCfg = AuditMode|Win32
		{75C6F576-18E9-4566-978A-F0A301CAC090}.Debug|Any CPU.ActiveCfg = Debug|x64
		{75C6F576-18E9-4566-978A-F0A301CAC090}.Debug|ARM64.ActiveCfg = Debug|ARM64
		{75C6F576-18E9-4566-978A-F0A301CAC090}.Debug|ARM64.Build.0 = Debug|ARM64
		{75C6F576-18E9-4566-978A-F0A301CAC090}.Debug|x64.ActiveCfg = Debug|x64
		{75C6F576-18E9-4566-978A-F0A301CAC090}.Debug|x64.Build.0 = Debug|x64
		{75C6F576-18E9-4566-978A-F0A301CAC090}.Debug|x86.ActiveCfg = Debug|Win32
		{75C6F576-18E9-4566-978A-F0A301CAC090}.Debug|x86.Build.0 = Debug|Win32
		{75C6F576-18E9-4566-978A-F0A301CAC090}.Fuzzing|Any CPU.ActiveCfg = Fuzzing|x64
		{75C6F576-18E9-4566-978A-F0A301CAC090}.Fuzzing|ARM64.ActiveCfg = Fuzzing|ARM64
		{75C6F576-18E9-4566-978A-F0A301CAC090}.Fuzzing|x64.ActiveCfg = Fuzzing|x64
		{75C6F576-18E9-4566-978A-F0A301CAC090}.Fuzzing|x64.Build.0 = Fuzzing|x64
		{75C6F576-18E9-4566-978A-F0A301CAC090}.Fuzzing|x86.ActiveCfg = Fuzzing|Win32
		{75C6F576-18E9-4566-978A-F0A301CAC090}.Release|Any CPU.ActiveCfg = Release|x64
		{75C6F576-18E9-4566-978A-F0A301CAC090}.Release|ARM64.ActiveCfg = Release|ARM64
		{75C6F576-18E9-4566-978A-F0A301CAC090}.Release|ARM64.Build.0 = Release|ARM64
		{75C6F576-18E9-4566-978A-F0A301CAC090}.Release|x64.ActiveCfg = Release|x64
		{75C6F576-18E9-4566-978A-F0A301CAC090}.Release|x64.Build.0 = Release|x64
		{75C6F576-18E9-4566-978A-F0A301CAC090}.Release|x86.ActiveCfg = Release|Win32
		{75C6F576-18E9-4566-978A-F0A301CAC090}.Release|x86.Build.0 = Release|Win32
		{3C67784E-1453-49C2-9660-483E2CC7F7AD}.AuditMode|Any CPU.ActiveCfg = AuditMode|Win32
		{3C67784E-1453-49C2-9660-483E2CC7F7AD}.AuditMode|ARM64.ActiveCfg = AuditMode|ARM64
		{3C67784E-1453-49C2-9660-483E2CC7F7AD}.AuditMode|ARM64.Build.0 = AuditMode|ARM64
		{3C67784E-1453-49C2-9660-483E2CC7F7AD}.AuditMode|x64.ActiveCfg = AuditMode|x64
		{3C67784E-1453-49C2-9660-483E2CC7F7AD}.AuditMode|x64.Build.0 = AuditMode|x64
		{3C67784E-1453-49C2-9660-483E2CC7F7AD}.AuditMode|x86.ActiveCfg = AuditMode|Win32
		{3C67784E-1453-49C2-9660-483E2CC7F7AD}.AuditMode|x86.Build.0 = AuditMode|Win32
		{3C67784E-1453-49C2-9660-483E2CC7F7AD}.Debug|Any CPU.ActiveCfg = Debug|Win32
		{3C67784E-1453-49C2-9660-483E2CC7F7AD}.Debug|ARM64.ActiveCfg = Debug|ARM64
		{3C67784E-1453-49C2-9660-483E2CC7F7AD}.Debug|ARM64.Build.0 = Debug|ARM64
		{3C67784E-1453-49C2-9660-483E2CC7F7AD}.Debug|x64.ActiveCfg = Debug|x64
		{3C67784E-1453-49C2-9660-483E2CC7F7AD}.Debug|x64.Build.0 = Debug|x64
		{3C67784E-1453-49C2-9660-483E2CC7F7AD}.Debug|x86.ActiveCfg = Debug|Win32
		{3C67784E-1453-49C2-9660-483E2CC7F7AD}.Debug|x86.Build.0 = Debug|Win32
		{3C67784E-1453-49C2-9660-483E2CC7F7AD}.Fuzzing|Any CPU.ActiveCfg = Fuzzing|Win32
		{3C67784E-1453-49C2-9660-483E2CC7F7AD}.Fuzzing|ARM64.ActiveCfg = Fuzzing|ARM64
		{3C67784E-1453-49C2-9660-483E2CC7F7AD}.Fuzzing|ARM64.Build.0 = Fuzzing|ARM64
		{3C67784E-1453-49C2-9660-483E2CC7F7AD}.Fuzzing|x64.ActiveCfg = Fuzzing|x64
		{3C67784E-1453-49C2-9660-483E2CC7F7AD}.Fuzzing|x64.Build.0 = Fuzzing|x64
		{3C67784E-1453-49C2-9660-483E2CC7F7AD}.Fuzzing|x86.ActiveCfg = Fuzzing|Win32
		{3C67784E-1453-49C2-9660-483E2CC7F7AD}.Fuzzing|x86.Build.0 = Fuzzing|Win32
		{3C67784E-1453-49C2-9660-483E2CC7F7AD}.Release|Any CPU.ActiveCfg = Release|Win32
		{3C67784E-1453-49C2-9660-483E2CC7F7AD}.Release|ARM64.ActiveCfg = Release|ARM64
		{3C67784E-1453-49C2-9660-483E2CC7F7AD}.Release|ARM64.Build.0 = Release|ARM64
		{3C67784E-1453-49C2-9660-483E2CC7F7AD}.Release|x64.ActiveCfg = Release|x64
		{3C67784E-1453-49C2-9660-483E2CC7F7AD}.Release|x64.Build.0 = Release|x64
		{3C67784E-1453-49C2-9660-483E2CC7F7AD}.Release|x86.ActiveCfg = Release|Win32
		{3C67784E-1453-49C2-9660-483E2CC7F7AD}.Release|x86.Build.0 = Release|Win32
	EndGlobalSection
	GlobalSection(SolutionProperties) = preSolution
		HideSolutionNode = FALSE
	EndGlobalSection
	GlobalSection(NestedProjects) = preSolution
		{4C8E6BB0-4713-4ADB-BD04-81628ECEAF20} = {81C352DB-1818-45B7-A284-18E259F1CC87}
		{D57841D1-8294-4F2B-BB8B-D2A35738DECD} = {81C352DB-1818-45B7-A284-18E259F1CC87}
		{2FD12FBB-1DDB-46D8-B818-1023C624CACA} = {89CDCC5C-9F53-4054-97A4-639D99F169CD}
		{3AE13314-1939-4DFA-9C14-38CA0834050C} = {F1995847-4AE5-479A-BBAF-382E51A63532}
		{DCF55140-EF6A-4736-A403-957E4F7430BB} = {F1995847-4AE5-479A-BBAF-382E51A63532}
		{1CF55140-EF6A-4736-A403-957E4F7430BB} = {F1995847-4AE5-479A-BBAF-382E51A63532}
		{AF0A096A-8B3A-4949-81EF-7DF8F0FEE91F} = {05500DEF-2294-41E3-AF9A-24E580B82836}
		{1C959542-BAC2-4E55-9A6D-13251914CBB9} = {05500DEF-2294-41E3-AF9A-24E580B82836}
		{531C23E7-4B76-4C08-8BBD-04164CB628C9} = {1E4A062E-293B-4817-B20D-BF16B979E350}
		{12144E07-FE63-4D33-9231-748B8D8C3792} = {F1995847-4AE5-479A-BBAF-382E51A63532}
		{6AF01638-84CF-4B65-9870-484DFFCAC772} = {F1995847-4AE5-479A-BBAF-382E51A63532}
		{96927B31-D6E8-4ABD-B03E-A5088A30BEBE} = {F1995847-4AE5-479A-BBAF-382E51A63532}
		{F210A4AE-E02A-4BFC-80BB-F50A672FE763} = {F1995847-4AE5-479A-BBAF-382E51A63532}
		{18D09A24-8240-42D6-8CB6-236EEE820263} = {89CDCC5C-9F53-4054-97A4-639D99F169CD}
		{0CF235BD-2DA0-407E-90EE-C467E8BBC714} = {1E4A062E-293B-4817-B20D-BF16B979E350}
		{CA5CAD1A-ABCD-429C-B551-8562EC954746} = {9921CA0A-320C-4460-8623-3A3196E7F4CB}
		{CA5CAD1A-44BD-4AC7-AC72-6CA5B3AB89ED} = {9921CA0A-320C-4460-8623-3A3196E7F4CB}
		{CA5CAD1A-F542-4635-A069-7CAEFB930070} = {9921CA0A-320C-4460-8623-3A3196E7F4CB}
		{2C2BEEF4-9333-4D05-B12A-1905CBF112F9} = {BDB237B6-1D1D-400F-84CC-40A58FA59C8E}
		{16376381-CE22-42BE-B667-C6B35007008D} = {81C352DB-1818-45B7-A284-18E259F1CC87}
		{F1995847-4AE5-479A-BBAF-382E51A63532} = {89CDCC5C-9F53-4054-97A4-639D99F169CD}
		{05500DEF-2294-41E3-AF9A-24E580B82836} = {89CDCC5C-9F53-4054-97A4-639D99F169CD}
		{1E4A062E-293B-4817-B20D-BF16B979E350} = {89CDCC5C-9F53-4054-97A4-639D99F169CD}
		{34DE34D3-1CD6-4EE3-8BD9-A26B5B27EC73} = {89CDCC5C-9F53-4054-97A4-639D99F169CD}
		{376FE273-6B84-4EB5-8B30-8DE9D21B022C} = {4DAF0299-495E-4CD1-A982-9BAC16A45932}
		{48D21369-3D7B-4431-9967-24E81292CF63} = {05500DEF-2294-41E3-AF9A-24E580B82836}
		{CA5CAD1A-039A-4929-BA2A-8BEB2E4106FE} = {61901E80-E97D-4D61-A9BB-E8F2FDA8B40C}
		{BDB237B6-1D1D-400F-84CC-40A58FA59C8E} = {59840756-302F-44DF-AA47-441A9D673202}
		{767268EE-174A-46FE-96F0-EEE698A1BBC9} = {89CDCC5C-9F53-4054-97A4-639D99F169CD}
		{53DD5520-E64C-4C06-B472-7CE62CA539C9} = {04170EEF-983A-4195-BFEF-2321E5E38A1E}
		{6B5A44ED-918D-4747-BFB1-2472A1FCA173} = {04170EEF-983A-4195-BFEF-2321E5E38A1E}
		{D3EF7B96-CD5E-47C9-B9A9-136259563033} = {04170EEF-983A-4195-BFEF-2321E5E38A1E}
		{4DAF0299-495E-4CD1-A982-9BAC16A45932} = {59840756-302F-44DF-AA47-441A9D673202}
		{9921CA0A-320C-4460-8623-3A3196E7F4CB} = {59840756-302F-44DF-AA47-441A9D673202}
		{C323DAEE-B307-4C7B-ACE5-7293CBEFCB5B} = {BDB237B6-1D1D-400F-84CC-40A58FA59C8E}
		{61901E80-E97D-4D61-A9BB-E8F2FDA8B40C} = {59840756-302F-44DF-AA47-441A9D673202}
		{8222900C-8B6C-452A-91AC-BE95DB04B95F} = {05500DEF-2294-41E3-AF9A-24E580B82836}
		{75C6F576-18E9-4566-978A-F0A301CAC090} = {05500DEF-2294-41E3-AF9A-24E580B82836}
		{40BD8415-DD93-4200-8D82-498DDDC08CC8} = {89CDCC5C-9F53-4054-97A4-639D99F169CD}
		{3C67784E-1453-49C2-9660-483E2CC7F7AD} = {40BD8415-DD93-4200-8D82-498DDDC08CC8}
	EndGlobalSection
	GlobalSection(ExtensibilityGlobals) = postSolution
		SolutionGuid = {3140B1B7-C8EE-43D1-A772-D82A7061A271}
	EndGlobalSection
EndGlobal
